
Microsoft Visual Studio Solution File, Format Version 12.00
# Visual Studio Version 17
VisualStudioVersion = 17.0.31903.59
MinimumVisualStudioVersion = 10.0.40219.1
Project("{2150E333-8FDC-42A3-9474-1A3956D46DE8}") = "Functions", "Functions", "{46899413-A1AD-7709-F42F-DC74916C2577}"
EndProject
Project("{FAE04EC0-301F-11D3-BF4B-00C04F79EFBC}") = "Nile.Functions", "Functions\Nile.Functions.csproj", "{F50C14C8-8079-4A30-A92A-E91F25DD7584}"
EndProject
Project("{2150E333-8FDC-42A3-9474-1A3956D46DE8}") = "Accessors", "Accessors", "{FC923897-14A2-E7F5-199D-2C8A9BA0098F}"
EndProject
Project("{FAE04EC0-301F-11D3-BF4B-00C04F79EFBC}") = "Nile.Accessors", "Accessors\Nile.Accessors\Nile.Accessors.csproj", "{F5FEDF42-D97A-4E04-8510-D78C5B9B84C4}"
EndProject
Project("{2150E333-8FDC-42A3-9474-1A3956D46DE8}") = "Common", "Common", "{881589EE-639B-0A35-DBCE-5D94E4FC90C0}"
EndProject
Project("{FAE04EC0-301F-11D3-BF4B-00C04F79EFBC}") = "Nile.Common", "Common\Nile.Common\Nile.Common.csproj", "{C13B26C0-59D5-4142-8994-3D45C59F8936}"
EndProject
Project("{FAE04EC0-301F-11D3-BF4B-00C04F79EFBC}") = "Nile.Utilities", "Nile.Utilities\Nile.Utilities.csproj", "{81B87C68-F4F6-4ACE-AA4E-78DDFD40E3D6}"
EndProject
Project("{2150E333-8FDC-42A3-9474-1A3956D46DE8}") = "Managers", "Managers", "{5E218D4A-BB3E-EA3B-A91E-3FDDF2C06FEB}"
	ProjectSection(SolutionItems) = preProject
		Managers\Service Utility = Managers\Service Utility
	EndProjectSection
EndProject
Project("{FAE04EC0-301F-11D3-BF4B-00C04F79EFBC}") = "Nile.Managers.Contract.Client", "Managers\Nile.Managers.Contract.Client\Nile.Managers.Contract.Client.csproj", "{4B1FDC6D-E678-4A21-8409-9167B4228592}"
EndProject
Project("{2150E333-8FDC-42A3-9474-1A3956D46DE8}") = "Data", "Data", "{015FE221-96B2-289B-A0E8-6E7354784A75}"
EndProject
Project("{2150E333-8FDC-42A3-9474-1A3956D46DE8}") = "Engines", "Engines", "{D4E5F6A7-B8C9-0123-DEF1-234567890123}"
EndProject
Project("{FAE04EC0-301F-11D3-BF4B-00C04F79EFBC}") = "Nile.Database", "Data\Nile.Database\Nile.Database.csproj", "{ED27330B-581A-40D2-AC70-84BB231B6D6D}"
EndProject
Project("{2150E333-8FDC-42A3-9474-1A3956D46DE8}") = "Clients", "Clients", "{9123F88B-E531-3118-42D7-ED8CEF4BD00E}"
EndProject
Project("{FAE04EC0-301F-11D3-BF4B-00C04F79EFBC}") = "Nile.Client.Functions", "Clients\Nile.Client.Functions\Nile.Client.Functions.csproj", "{4DB2A89E-B4C5-484B-95E1-E6925A6FC7BA}"
EndProject
Project("{FAE04EC0-301F-11D3-BF4B-00C04F79EFBC}") = "Nile.Managers", "Managers\Nile.Managers\Nile.Managers.csproj", "{5BA04230-792F-4AA5-965C-13A34BBFF595}"
EndProject
Project("{FAE04EC0-301F-11D3-BF4B-00C04F79EFBC}") = "Nile.DbUp", "Data\Nile.DbUp\Nile.DbUp.csproj", "{651E6B34-6FA9-49D8-A598-FE051732A092}"
EndProject
Project("{FAE04EC0-301F-11D3-BF4B-00C04F79EFBC}") = "Nile.Engines", "Engines\Nile.Engines\Nile.Engines.csproj", "{220E9B7B-F2C2-4AB4-A10E-8279DC25CCEB}"
EndProject
Global
	GlobalSection(SolutionConfigurationPlatforms) = preSolution
		Debug|Any CPU = Debug|Any CPU
		Debug|x64 = Debug|x64
		Debug|x86 = Debug|x86
		Release|Any CPU = Release|Any CPU
		Release|x64 = Release|x64
		Release|x86 = Release|x86
	EndGlobalSection
	GlobalSection(ProjectConfigurationPlatforms) = postSolution
		{F50C14C8-8079-4A30-A92A-E91F25DD7584}.Debug|Any CPU.ActiveCfg = Debug|Any CPU
		{F50C14C8-8079-4A30-A92A-E91F25DD7584}.Debug|Any CPU.Build.0 = Debug|Any CPU
		{F50C14C8-8079-4A30-A92A-E91F25DD7584}.Debug|x64.ActiveCfg = Debug|Any CPU
		{F50C14C8-8079-4A30-A92A-E91F25DD7584}.Debug|x64.Build.0 = Debug|Any CPU
		{F50C14C8-8079-4A30-A92A-E91F25DD7584}.Debug|x86.ActiveCfg = Debug|Any CPU
		{F50C14C8-8079-4A30-A92A-E91F25DD7584}.Debug|x86.Build.0 = Debug|Any CPU
		{F50C14C8-8079-4A30-A92A-E91F25DD7584}.Release|Any CPU.ActiveCfg = Release|Any CPU
		{F50C14C8-8079-4A30-A92A-E91F25DD7584}.Release|Any CPU.Build.0 = Release|Any CPU
		{F50C14C8-8079-4A30-A92A-E91F25DD7584}.Release|x64.ActiveCfg = Release|Any CPU
		{F50C14C8-8079-4A30-A92A-E91F25DD7584}.Release|x64.Build.0 = Release|Any CPU
		{F50C14C8-8079-4A30-A92A-E91F25DD7584}.Release|x86.ActiveCfg = Release|Any CPU
		{F50C14C8-8079-4A30-A92A-E91F25DD7584}.Release|x86.Build.0 = Release|Any CPU
		{F5FEDF42-D97A-4E04-8510-D78C5B9B84C4}.Debug|Any CPU.ActiveCfg = Debug|Any CPU
		{F5FEDF42-D97A-4E04-8510-D78C5B9B84C4}.Debug|Any CPU.Build.0 = Debug|Any CPU
		{F5FEDF42-D97A-4E04-8510-D78C5B9B84C4}.Debug|x64.ActiveCfg = Debug|Any CPU
		{F5FEDF42-D97A-4E04-8510-D78C5B9B84C4}.Debug|x64.Build.0 = Debug|Any CPU
		{F5FEDF42-D97A-4E04-8510-D78C5B9B84C4}.Debug|x86.ActiveCfg = Debug|Any CPU
		{F5FEDF42-D97A-4E04-8510-D78C5B9B84C4}.Debug|x86.Build.0 = Debug|Any CPU
		{F5FEDF42-D97A-4E04-8510-D78C5B9B84C4}.Release|Any CPU.ActiveCfg = Release|Any CPU
		{F5FEDF42-D97A-4E04-8510-D78C5B9B84C4}.Release|Any CPU.Build.0 = Release|Any CPU
		{F5FEDF42-D97A-4E04-8510-D78C5B9B84C4}.Release|x64.ActiveCfg = Release|Any CPU
		{F5FEDF42-D97A-4E04-8510-D78C5B9B84C4}.Release|x64.Build.0 = Release|Any CPU
		{F5FEDF42-D97A-4E04-8510-D78C5B9B84C4}.Release|x86.ActiveCfg = Release|Any CPU
		{F5FEDF42-D97A-4E04-8510-D78C5B9B84C4}.Release|x86.Build.0 = Release|Any CPU
		{C13B26C0-59D5-4142-8994-3D45C59F8936}.Debug|Any CPU.ActiveCfg = Debug|Any CPU
		{C13B26C0-59D5-4142-8994-3D45C59F8936}.Debug|Any CPU.Build.0 = Debug|Any CPU
		{C13B26C0-59D5-4142-8994-3D45C59F8936}.Debug|x64.ActiveCfg = Debug|Any CPU
		{C13B26C0-59D5-4142-8994-3D45C59F8936}.Debug|x64.Build.0 = Debug|Any CPU
		{C13B26C0-59D5-4142-8994-3D45C59F8936}.Debug|x86.ActiveCfg = Debug|Any CPU
		{C13B26C0-59D5-4142-8994-3D45C59F8936}.Debug|x86.Build.0 = Debug|Any CPU
		{C13B26C0-59D5-4142-8994-3D45C59F8936}.Release|Any CPU.ActiveCfg = Release|Any CPU
		{C13B26C0-59D5-4142-8994-3D45C59F8936}.Release|Any CPU.Build.0 = Release|Any CPU
		{C13B26C0-59D5-4142-8994-3D45C59F8936}.Release|x64.ActiveCfg = Release|Any CPU
		{C13B26C0-59D5-4142-8994-3D45C59F8936}.Release|x64.Build.0 = Release|Any CPU
		{C13B26C0-59D5-4142-8994-3D45C59F8936}.Release|x86.ActiveCfg = Release|Any CPU
		{C13B26C0-59D5-4142-8994-3D45C59F8936}.Release|x86.Build.0 = Release|Any CPU
		{81B87C68-F4F6-4ACE-AA4E-78DDFD40E3D6}.Debug|Any CPU.ActiveCfg = Debug|Any CPU
		{81B87C68-F4F6-4ACE-AA4E-78DDFD40E3D6}.Debug|Any CPU.Build.0 = Debug|Any CPU
		{81B87C68-F4F6-4ACE-AA4E-78DDFD40E3D6}.Debug|x64.ActiveCfg = Debug|Any CPU
		{81B87C68-F4F6-4ACE-AA4E-78DDFD40E3D6}.Debug|x64.Build.0 = Debug|Any CPU
		{81B87C68-F4F6-4ACE-AA4E-78DDFD40E3D6}.Debug|x86.ActiveCfg = Debug|Any CPU
		{81B87C68-F4F6-4ACE-AA4E-78DDFD40E3D6}.Debug|x86.Build.0 = Debug|Any CPU
		{81B87C68-F4F6-4ACE-AA4E-78DDFD40E3D6}.Release|Any CPU.ActiveCfg = Release|Any CPU
		{81B87C68-F4F6-4ACE-AA4E-78DDFD40E3D6}.Release|Any CPU.Build.0 = Release|Any CPU
		{81B87C68-F4F6-4ACE-AA4E-78DDFD40E3D6}.Release|x64.ActiveCfg = Release|Any CPU
		{81B87C68-F4F6-4ACE-AA4E-78DDFD40E3D6}.Release|x64.Build.0 = Release|Any CPU
		{81B87C68-F4F6-4ACE-AA4E-78DDFD40E3D6}.Release|x86.ActiveCfg = Release|Any CPU
		{81B87C68-F4F6-4ACE-AA4E-78DDFD40E3D6}.Release|x86.Build.0 = Release|Any CPU
		{4B1FDC6D-E678-4A21-8409-9167B4228592}.Debug|Any CPU.ActiveCfg = Debug|Any CPU
		{4B1FDC6D-E678-4A21-8409-9167B4228592}.Debug|Any CPU.Build.0 = Debug|Any CPU
		{4B1FDC6D-E678-4A21-8409-9167B4228592}.Debug|x64.ActiveCfg = Debug|Any CPU
		{4B1FDC6D-E678-4A21-8409-9167B4228592}.Debug|x64.Build.0 = Debug|Any CPU
		{4B1FDC6D-E678-4A21-8409-9167B4228592}.Debug|x86.ActiveCfg = Debug|Any CPU
		{4B1FDC6D-E678-4A21-8409-9167B4228592}.Debug|x86.Build.0 = Debug|Any CPU
		{4B1FDC6D-E678-4A21-8409-9167B4228592}.Release|Any CPU.ActiveCfg = Release|Any CPU
		{4B1FDC6D-E678-4A21-8409-9167B4228592}.Release|Any CPU.Build.0 = Release|Any CPU
		{4B1FDC6D-E678-4A21-8409-9167B4228592}.Release|x64.ActiveCfg = Release|Any CPU
		{4B1FDC6D-E678-4A21-8409-9167B4228592}.Release|x64.Build.0 = Release|Any CPU
		{4B1FDC6D-E678-4A21-8409-9167B4228592}.Release|x86.ActiveCfg = Release|Any CPU
		{4B1FDC6D-E678-4A21-8409-9167B4228592}.Release|x86.Build.0 = Release|Any CPU
		{ED27330B-581A-40D2-AC70-84BB231B6D6D}.Debug|Any CPU.ActiveCfg = Debug|Any CPU
		{ED27330B-581A-40D2-AC70-84BB231B6D6D}.Debug|Any CPU.Build.0 = Debug|Any CPU
		{ED27330B-581A-40D2-AC70-84BB231B6D6D}.Debug|x64.ActiveCfg = Debug|Any CPU
		{ED27330B-581A-40D2-AC70-84BB231B6D6D}.Debug|x64.Build.0 = Debug|Any CPU
		{ED27330B-581A-40D2-AC70-84BB231B6D6D}.Debug|x86.ActiveCfg = Debug|Any CPU
		{ED27330B-581A-40D2-AC70-84BB231B6D6D}.Debug|x86.Build.0 = Debug|Any CPU
		{ED27330B-581A-40D2-AC70-84BB231B6D6D}.Release|Any CPU.ActiveCfg = Release|Any CPU
		{ED27330B-581A-40D2-AC70-84BB231B6D6D}.Release|Any CPU.Build.0 = Release|Any CPU
		{ED27330B-581A-40D2-AC70-84BB231B6D6D}.Release|x64.ActiveCfg = Release|Any CPU
		{ED27330B-581A-40D2-AC70-84BB231B6D6D}.Release|x64.Build.0 = Release|Any CPU
		{ED27330B-581A-40D2-AC70-84BB231B6D6D}.Release|x86.ActiveCfg = Release|Any CPU
		{ED27330B-581A-40D2-AC70-84BB231B6D6D}.Release|x86.Build.0 = Release|Any CPU
		{4DB2A89E-B4C5-484B-95E1-E6925A6FC7BA}.Debug|Any CPU.ActiveCfg = Debug|Any CPU
		{4DB2A89E-B4C5-484B-95E1-E6925A6FC7BA}.Debug|Any CPU.Build.0 = Debug|Any CPU
		{4DB2A89E-B4C5-484B-95E1-E6925A6FC7BA}.Debug|x64.ActiveCfg = Debug|Any CPU
		{4DB2A89E-B4C5-484B-95E1-E6925A6FC7BA}.Debug|x64.Build.0 = Debug|Any CPU
		{4DB2A89E-B4C5-484B-95E1-E6925A6FC7BA}.Debug|x86.ActiveCfg = Debug|Any CPU
		{4DB2A89E-B4C5-484B-95E1-E6925A6FC7BA}.Debug|x86.Build.0 = Debug|Any CPU
		{4DB2A89E-B4C5-484B-95E1-E6925A6FC7BA}.Release|Any CPU.ActiveCfg = Release|Any CPU
		{4DB2A89E-B4C5-484B-95E1-E6925A6FC7BA}.Release|Any CPU.Build.0 = Release|Any CPU
		{4DB2A89E-B4C5-484B-95E1-E6925A6FC7BA}.Release|x64.ActiveCfg = Release|Any CPU
		{4DB2A89E-B4C5-484B-95E1-E6925A6FC7BA}.Release|x64.Build.0 = Release|Any CPU
		{4DB2A89E-B4C5-484B-95E1-E6925A6FC7BA}.Release|x86.ActiveCfg = Release|Any CPU
		{4DB2A89E-B4C5-484B-95E1-E6925A6FC7BA}.Release|x86.Build.0 = Release|Any CPU
		{5BA04230-792F-4AA5-965C-13A34BBFF595}.Debug|Any CPU.ActiveCfg = Debug|Any CPU
		{5BA04230-792F-4AA5-965C-13A34BBFF595}.Debug|Any CPU.Build.0 = Debug|Any CPU
		{5BA04230-792F-4AA5-965C-13A34BBFF595}.Debug|x64.ActiveCfg = Debug|Any CPU
		{5BA04230-792F-4AA5-965C-13A34BBFF595}.Debug|x64.Build.0 = Debug|Any CPU
		{5BA04230-792F-4AA5-965C-13A34BBFF595}.Debug|x86.ActiveCfg = Debug|Any CPU
		{5BA04230-792F-4AA5-965C-13A34BBFF595}.Debug|x86.Build.0 = Debug|Any CPU
		{5BA04230-792F-4AA5-965C-13A34BBFF595}.Release|Any CPU.ActiveCfg = Release|Any CPU
		{5BA04230-792F-4AA5-965C-13A34BBFF595}.Release|Any CPU.Build.0 = Release|Any CPU
		{5BA04230-792F-4AA5-965C-13A34BBFF595}.Release|x64.ActiveCfg = Release|Any CPU
		{5BA04230-792F-4AA5-965C-13A34BBFF595}.Release|x64.Build.0 = Release|Any CPU
		{5BA04230-792F-4AA5-965C-13A34BBFF595}.Release|x86.ActiveCfg = Release|Any CPU
		{5BA04230-792F-4AA5-965C-13A34BBFF595}.Release|x86.Build.0 = Release|Any CPU
		{651E6B34-6FA9-49D8-A598-FE051732A092}.Debug|Any CPU.ActiveCfg = Debug|Any CPU
		{651E6B34-6FA9-49D8-A598-FE051732A092}.Debug|Any CPU.Build.0 = Debug|Any CPU
		{651E6B34-6FA9-49D8-A598-FE051732A092}.Debug|x64.ActiveCfg = Debug|Any CPU
		{651E6B34-6FA9-49D8-A598-FE051732A092}.Debug|x64.Build.0 = Debug|Any CPU
		{651E6B34-6FA9-49D8-A598-FE051732A092}.Debug|x86.ActiveCfg = Debug|Any CPU
		{651E6B34-6FA9-49D8-A598-FE051732A092}.Debug|x86.Build.0 = Debug|Any CPU
		{651E6B34-6FA9-49D8-A598-FE051732A092}.Release|Any CPU.ActiveCfg = Release|Any CPU
		{651E6B34-6FA9-49D8-A598-FE051732A092}.Release|Any CPU.Build.0 = Release|Any CPU
		{651E6B34-6FA9-49D8-A598-FE051732A092}.Release|x64.ActiveCfg = Release|Any CPU
		{651E6B34-6FA9-49D8-A598-FE051732A092}.Release|x64.Build.0 = Release|Any CPU
		{651E6B34-6FA9-49D8-A598-FE051732A092}.Release|x86.ActiveCfg = Release|Any CPU
		{651E6B34-6FA9-49D8-A598-FE051732A092}.Release|x86.Build.0 = Release|Any CPU
		{220E9B7B-F2C2-4AB4-A10E-8279DC25CCEB}.Debug|Any CPU.ActiveCfg = Debug|Any CPU
		{220E9B7B-F2C2-4AB4-A10E-8279DC25CCEB}.Debug|Any CPU.Build.0 = Debug|Any CPU
		{220E9B7B-F2C2-4AB4-A10E-8279DC25CCEB}.Debug|x64.ActiveCfg = Debug|Any CPU
		{220E9B7B-F2C2-4AB4-A10E-8279DC25CCEB}.Debug|x64.Build.0 = Debug|Any CPU
		{220E9B7B-F2C2-4AB4-A10E-8279DC25CCEB}.Debug|x86.ActiveCfg = Debug|Any CPU
		{220E9B7B-F2C2-4AB4-A10E-8279DC25CCEB}.Debug|x86.Build.0 = Debug|Any CPU
		{220E9B7B-F2C2-4AB4-A10E-8279DC25CCEB}.Release|Any CPU.ActiveCfg = Release|Any CPU
		{220E9B7B-F2C2-4AB4-A10E-8279DC25CCEB}.Release|Any CPU.Build.0 = Release|Any CPU
		{220E9B7B-F2C2-4AB4-A10E-8279DC25CCEB}.Release|x64.ActiveCfg = Release|Any CPU
		{220E9B7B-F2C2-4AB4-A10E-8279DC25CCEB}.Release|x64.Build.0 = Release|Any CPU
		{220E9B7B-F2C2-4AB4-A10E-8279DC25CCEB}.Release|x86.ActiveCfg = Release|Any CPU
		{220E9B7B-F2C2-4AB4-A10E-8279DC25CCEB}.Release|x86.Build.0 = Release|Any CPU
	EndGlobalSection
	GlobalSection(SolutionProperties) = preSolution
		HideSolutionNode = FALSE
	EndGlobalSection
	GlobalSection(NestedProjects) = preSolution
		{F50C14C8-8079-4A30-A92A-E91F25DD7584} = {46899413-A1AD-7709-F42F-DC74916C2577}
		{F5FEDF42-D97A-4E04-8510-D78C5B9B84C4} = {FC923897-14A2-E7F5-199D-2C8A9BA0098F}
		{C13B26C0-59D5-4142-8994-3D45C59F8936} = {881589EE-639B-0A35-DBCE-5D94E4FC90C0}
		{4B1FDC6D-E678-4A21-8409-9167B4228592} = {5E218D4A-BB3E-EA3B-A91E-3FDDF2C06FEB}
		{ED27330B-581A-40D2-AC70-84BB231B6D6D} = {015FE221-96B2-289B-A0E8-6E7354784A75}
		{4DB2A89E-B4C5-484B-95E1-E6925A6FC7BA} = {9123F88B-E531-3118-42D7-ED8CEF4BD00E}
		{5BA04230-792F-4AA5-965C-13A34BBFF595} = {5E218D4A-BB3E-EA3B-A91E-3FDDF2C06FEB}
		{651E6B34-6FA9-49D8-A598-FE051732A092} = {015FE221-96B2-289B-A0E8-6E7354784A75}
		{220E9B7B-F2C2-4AB4-A10E-8279DC25CCEB} = {D4E5F6A7-B8C9-0123-DEF1-234567890123}
	EndGlobalSection
EndGlobal
