
Microsoft Visual Studio Solution File, Format Version 12.00
# Visual Studio Version 17
VisualStudioVersion = 17.5.2.0
MinimumVisualStudioVersion = 10.0.40219.1
Project("{2150E333-8FDC-42A3-9474-1A3956D46DE8}") = "Functions", "Functions", "{46899413-A1AD-7709-F42F-DC74916C2577}"
EndProject
Project("{FAE04EC0-301F-11D3-BF4B-00C04F79EFBC}") = "Nile.Functions", "Functions\Nile.Functions.csproj", "{F6B05456-159D-4373-BB15-08CBC19399FA}"
EndProject
Project("{2150E333-8FDC-42A3-9474-1A3956D46DE8}") = "Accessors", "Accessors", "{FC923897-14A2-E7F5-199D-2C8A9BA0098F}"
EndProject
Project("{FAE04EC0-301F-11D3-BF4B-00C04F79EFBC}") = "Nile.Accessors", "Accessors\Nile.Accessors\Nile.Accessors.csproj", "{1CA2805B-EE3A-4CC2-91DC-FBD9319F031D}"
EndProject
Project("{2150E333-8FDC-42A3-9474-1A3956D46DE8}") = "Common", "Common", "{B2C3D4E5-F6A7-8901-BCDE-F12345678901}"
EndProject
Project("{FAE04EC0-301F-11D3-BF4B-00C04F79EFBC}") = "Nile.Common", "Common\Nile.Common\Nile.Common.csproj", "{755C24B5-2619-4386-BFB3-E6E159A3246F}"
EndProject
Project("{2150E333-8FDC-42A3-9474-1A3956D46DE8}") = "Data", "Data", "{C3D4E5F6-A7B8-9012-CDEF-123456789012}"
EndProject
Project("{2150E333-8FDC-42A3-9474-1A3956D46DE8}") = "Engines", "Engines", "{D4E5F6A7-B8C9-0123-DEF1-234567890123}"
EndProject
Project("{FAE04EC0-301F-11D3-BF4B-00C04F79EFBC}") = "Nile.Engines", "Engines\Nile.Engines\Nile.Engines.csproj", "{220E9B7B-F2C2-4AB4-A10E-8279DC25CCEB}"
EndProject
Project("{2150E333-8FDC-42A3-9474-1A3956D46DE8}") = "Managers", "Managers", "{E5F6A7B8-C9D0-1234-EF12-345678901234}"
EndProject
Project("{FAE04EC0-301F-11D3-BF4B-00C04F79EFBC}") = "Nile.Managers.Contract.Client", "Managers\Nile.Managers.Contract.Client\Nile.Managers.Contract.Client.csproj", "{B019A22D-39A6-4156-8EB5-57D43CD53831}"
EndProject
Project("{FAE04EC0-301F-11D3-BF4B-00C04F79EFBC}") = "Nile.Managers", "Managers\Nile.Managers\Nile.Managers.csproj", "{7E0F5F1E-1234-4A3B-9C9D-1F2E3D4C5B6A}"
EndProject
Project("{FAE04EC0-301F-11D3-BF4B-00C04F79EFBC}") = "Nile.Database", "Data\Nile.Database\Nile.Database.csproj", "{9F9200E9-5162-43AC-92C4-E8F837293140}"
EndProject
Project("{FAE04EC0-301F-11D3-BF4B-00C04F79EFBC}") = "Nile.DbUp", "Data\Nile.DbUp\Nile.DbUp.csproj", "{98046132-2D20-4485-BAE9-CF4B95F33494}"
EndProject
Project("{FAE04EC0-301F-11D3-BF4B-00C04F79EFBC}") = "Nile.MbUp", "Data\Nile.MbUp\Nile.MbUp.csproj", "{A162B2FB-3B90-402A-8726-72EAC9216F61}"
EndProject
Project("{2150E333-8FDC-42A3-9474-1A3956D46DE8}") = "Service Utility", "Service Utility", "{554EBF8D-BAE7-488B-AAD1-DF1CA1D8BEB3}"
EndProject
Project("{FAE04EC0-301F-11D3-BF4B-00C04F79EFBC}") = "Nile.Utilities", "Nile.Utilities\Nile.Utilities.csproj", "{3A178BF6-007F-4426-85B2-BFC3103759CA}"
EndProject
Global
	GlobalSection(SolutionConfigurationPlatforms) = preSolution
		Debug|Any CPU = Debug|Any CPU
		Debug|x64 = Debug|x64
		Debug|x86 = Debug|x86
		Release|Any CPU = Release|Any CPU
		Release|x64 = Release|x64
		Release|x86 = Release|x86
	EndGlobalSection
	GlobalSection(ProjectConfigurationPlatforms) = postSolution
		{F6B05456-159D-4373-BB15-08CBC19399FA}.Debug|Any CPU.ActiveCfg = Debug|Any CPU
		{F6B05456-159D-4373-BB15-08CBC19399FA}.Debug|Any CPU.Build.0 = Debug|Any CPU
		{F6B05456-159D-4373-BB15-08CBC19399FA}.Debug|x64.ActiveCfg = Debug|Any CPU
		{F6B05456-159D-4373-BB15-08CBC19399FA}.Debug|x64.Build.0 = Debug|Any CPU
		{F6B05456-159D-4373-BB15-08CBC19399FA}.Debug|x86.ActiveCfg = Debug|Any CPU
		{F6B05456-159D-4373-BB15-08CBC19399FA}.Debug|x86.Build.0 = Debug|Any CPU
		{F6B05456-159D-4373-BB15-08CBC19399FA}.Release|Any CPU.ActiveCfg = Release|Any CPU
		{F6B05456-159D-4373-BB15-08CBC19399FA}.Release|Any CPU.Build.0 = Release|Any CPU
		{F6B05456-159D-4373-BB15-08CBC19399FA}.Release|x64.ActiveCfg = Release|Any CPU
		{F6B05456-159D-4373-BB15-08CBC19399FA}.Release|x64.Build.0 = Release|Any CPU
		{F6B05456-159D-4373-BB15-08CBC19399FA}.Release|x86.ActiveCfg = Release|Any CPU
		{F6B05456-159D-4373-BB15-08CBC19399FA}.Release|x86.Build.0 = Release|Any CPU
		{1CA2805B-EE3A-4CC2-91DC-FBD9319F031D}.Debug|Any CPU.ActiveCfg = Debug|Any CPU
		{1CA2805B-EE3A-4CC2-91DC-FBD9319F031D}.Debug|Any CPU.Build.0 = Debug|Any CPU
		{1CA2805B-EE3A-4CC2-91DC-FBD9319F031D}.Debug|x64.ActiveCfg = Debug|Any CPU
		{1CA2805B-EE3A-4CC2-91DC-FBD9319F031D}.Debug|x64.Build.0 = Debug|Any CPU
		{1CA2805B-EE3A-4CC2-91DC-FBD9319F031D}.Debug|x86.ActiveCfg = Debug|Any CPU
		{1CA2805B-EE3A-4CC2-91DC-FBD9319F031D}.Debug|x86.Build.0 = Debug|Any CPU
		{1CA2805B-EE3A-4CC2-91DC-FBD9319F031D}.Release|Any CPU.ActiveCfg = Release|Any CPU
		{1CA2805B-EE3A-4CC2-91DC-FBD9319F031D}.Release|Any CPU.Build.0 = Release|Any CPU
		{1CA2805B-EE3A-4CC2-91DC-FBD9319F031D}.Release|x64.ActiveCfg = Release|Any CPU
		{1CA2805B-EE3A-4CC2-91DC-FBD9319F031D}.Release|x64.Build.0 = Release|Any CPU
		{1CA2805B-EE3A-4CC2-91DC-FBD9319F031D}.Release|x86.ActiveCfg = Release|Any CPU
		{1CA2805B-EE3A-4CC2-91DC-FBD9319F031D}.Release|x86.Build.0 = Release|Any CPU
		{755C24B5-2619-4386-BFB3-E6E159A3246F}.Debug|Any CPU.ActiveCfg = Debug|Any CPU
		{755C24B5-2619-4386-BFB3-E6E159A3246F}.Debug|Any CPU.Build.0 = Debug|Any CPU
		{755C24B5-2619-4386-BFB3-E6E159A3246F}.Debug|x64.ActiveCfg = Debug|Any CPU
		{755C24B5-2619-4386-BFB3-E6E159A3246F}.Debug|x64.Build.0 = Debug|Any CPU
		{755C24B5-2619-4386-BFB3-E6E159A3246F}.Debug|x86.ActiveCfg = Debug|Any CPU
		{755C24B5-2619-4386-BFB3-E6E159A3246F}.Debug|x86.Build.0 = Debug|Any CPU
		{755C24B5-2619-4386-BFB3-E6E159A3246F}.Release|Any CPU.ActiveCfg = Release|Any CPU
		{755C24B5-2619-4386-BFB3-E6E159A3246F}.Release|Any CPU.Build.0 = Release|Any CPU
		{755C24B5-2619-4386-BFB3-E6E159A3246F}.Release|x64.ActiveCfg = Release|Any CPU
		{755C24B5-2619-4386-BFB3-E6E159A3246F}.Release|x64.Build.0 = Release|Any CPU
		{755C24B5-2619-4386-BFB3-E6E159A3246F}.Release|x86.ActiveCfg = Release|Any CPU
		{755C24B5-2619-4386-BFB3-E6E159A3246F}.Release|x86.Build.0 = Release|Any CPU
		{220E9B7B-F2C2-4AB4-A10E-8279DC25CCEB}.Debug|Any CPU.ActiveCfg = Debug|Any CPU
		{220E9B7B-F2C2-4AB4-A10E-8279DC25CCEB}.Debug|Any CPU.Build.0 = Debug|Any CPU
		{220E9B7B-F2C2-4AB4-A10E-8279DC25CCEB}.Debug|x64.ActiveCfg = Debug|Any CPU
		{220E9B7B-F2C2-4AB4-A10E-8279DC25CCEB}.Debug|x64.Build.0 = Debug|Any CPU
		{220E9B7B-F2C2-4AB4-A10E-8279DC25CCEB}.Debug|x86.ActiveCfg = Debug|Any CPU
		{220E9B7B-F2C2-4AB4-A10E-8279DC25CCEB}.Debug|x86.Build.0 = Debug|Any CPU
		{220E9B7B-F2C2-4AB4-A10E-8279DC25CCEB}.Release|Any CPU.ActiveCfg = Release|Any CPU
		{220E9B7B-F2C2-4AB4-A10E-8279DC25CCEB}.Release|Any CPU.Build.0 = Release|Any CPU
		{220E9B7B-F2C2-4AB4-A10E-8279DC25CCEB}.Release|x64.ActiveCfg = Release|Any CPU
		{220E9B7B-F2C2-4AB4-A10E-8279DC25CCEB}.Release|x64.Build.0 = Release|Any CPU
		{220E9B7B-F2C2-4AB4-A10E-8279DC25CCEB}.Release|x86.ActiveCfg = Release|Any CPU
		{220E9B7B-F2C2-4AB4-A10E-8279DC25CCEB}.Release|x86.Build.0 = Release|Any CPU
		{B019A22D-39A6-4156-8EB5-57D43CD53831}.Debug|Any CPU.ActiveCfg = Debug|Any CPU
		{B019A22D-39A6-4156-8EB5-57D43CD53831}.Debug|Any CPU.Build.0 = Debug|Any CPU
		{B019A22D-39A6-4156-8EB5-57D43CD53831}.Debug|x64.ActiveCfg = Debug|Any CPU
		{B019A22D-39A6-4156-8EB5-57D43CD53831}.Debug|x64.Build.0 = Debug|Any CPU
		{B019A22D-39A6-4156-8EB5-57D43CD53831}.Debug|x86.ActiveCfg = Debug|Any CPU
		{B019A22D-39A6-4156-8EB5-57D43CD53831}.Debug|x86.Build.0 = Debug|Any CPU
		{B019A22D-39A6-4156-8EB5-57D43CD53831}.Release|Any CPU.ActiveCfg = Release|Any CPU
		{B019A22D-39A6-4156-8EB5-57D43CD53831}.Release|Any CPU.Build.0 = Release|Any CPU
		{B019A22D-39A6-4156-8EB5-57D43CD53831}.Release|x64.ActiveCfg = Release|Any CPU
		{B019A22D-39A6-4156-8EB5-57D43CD53831}.Release|x64.Build.0 = Release|Any CPU
		{B019A22D-39A6-4156-8EB5-57D43CD53831}.Release|x86.ActiveCfg = Release|Any CPU
		{B019A22D-39A6-4156-8EB5-57D43CD53831}.Release|x86.Build.0 = Release|Any CPU
		{7E0F5F1E-1234-4A3B-9C9D-1F2E3D4C5B6A}.Debug|Any CPU.ActiveCfg = Debug|Any CPU
		{7E0F5F1E-1234-4A3B-9C9D-1F2E3D4C5B6A}.Debug|Any CPU.Build.0 = Debug|Any CPU
		{7E0F5F1E-1234-4A3B-9C9D-1F2E3D4C5B6A}.Debug|x64.ActiveCfg = Debug|Any CPU
		{7E0F5F1E-1234-4A3B-9C9D-1F2E3D4C5B6A}.Debug|x64.Build.0 = Debug|Any CPU
		{7E0F5F1E-1234-4A3B-9C9D-1F2E3D4C5B6A}.Debug|x86.ActiveCfg = Debug|Any CPU
		{7E0F5F1E-1234-4A3B-9C9D-1F2E3D4C5B6A}.Debug|x86.Build.0 = Debug|Any CPU
		{7E0F5F1E-1234-4A3B-9C9D-1F2E3D4C5B6A}.Release|Any CPU.ActiveCfg = Release|Any CPU
		{7E0F5F1E-1234-4A3B-9C9D-1F2E3D4C5B6A}.Release|Any CPU.Build.0 = Release|Any CPU
		{7E0F5F1E-1234-4A3B-9C9D-1F2E3D4C5B6A}.Release|x64.ActiveCfg = Release|Any CPU
		{7E0F5F1E-1234-4A3B-9C9D-1F2E3D4C5B6A}.Release|x64.Build.0 = Release|Any CPU
		{7E0F5F1E-1234-4A3B-9C9D-1F2E3D4C5B6A}.Release|x86.ActiveCfg = Release|Any CPU
		{7E0F5F1E-1234-4A3B-9C9D-1F2E3D4C5B6A}.Release|x86.Build.0 = Release|Any CPU
		{9F9200E9-5162-43AC-92C4-E8F837293140}.Debug|Any CPU.ActiveCfg = Debug|Any CPU
		{9F9200E9-5162-43AC-92C4-E8F837293140}.Debug|Any CPU.Build.0 = Debug|Any CPU
		{9F9200E9-5162-43AC-92C4-E8F837293140}.Debug|x64.ActiveCfg = Debug|Any CPU
		{9F9200E9-5162-43AC-92C4-E8F837293140}.Debug|x64.Build.0 = Debug|Any CPU
		{9F9200E9-5162-43AC-92C4-E8F837293140}.Debug|x86.ActiveCfg = Debug|Any CPU
		{9F9200E9-5162-43AC-92C4-E8F837293140}.Debug|x86.Build.0 = Debug|Any CPU
		{9F9200E9-5162-43AC-92C4-E8F837293140}.Release|Any CPU.ActiveCfg = Release|Any CPU
		{9F9200E9-5162-43AC-92C4-E8F837293140}.Release|Any CPU.Build.0 = Release|Any CPU
		{9F9200E9-5162-43AC-92C4-E8F837293140}.Release|x64.ActiveCfg = Release|Any CPU
		{9F9200E9-5162-43AC-92C4-E8F837293140}.Release|x64.Build.0 = Release|Any CPU
		{9F9200E9-5162-43AC-92C4-E8F837293140}.Release|x86.ActiveCfg = Release|Any CPU
		{9F9200E9-5162-43AC-92C4-E8F837293140}.Release|x86.Build.0 = Release|Any CPU
		{98046132-2D20-4485-BAE9-CF4B95F33494}.Debug|Any CPU.ActiveCfg = Debug|Any CPU
		{98046132-2D20-4485-BAE9-CF4B95F33494}.Debug|Any CPU.Build.0 = Debug|Any CPU
		{98046132-2D20-4485-BAE9-CF4B95F33494}.Debug|x64.ActiveCfg = Debug|Any CPU
		{98046132-2D20-4485-BAE9-CF4B95F33494}.Debug|x64.Build.0 = Debug|Any CPU
		{98046132-2D20-4485-BAE9-CF4B95F33494}.Debug|x86.ActiveCfg = Debug|Any CPU
		{98046132-2D20-4485-BAE9-CF4B95F33494}.Debug|x86.Build.0 = Debug|Any CPU
		{98046132-2D20-4485-BAE9-CF4B95F33494}.Release|Any CPU.ActiveCfg = Release|Any CPU
		{98046132-2D20-4485-BAE9-CF4B95F33494}.Release|Any CPU.Build.0 = Release|Any CPU
		{98046132-2D20-4485-BAE9-CF4B95F33494}.Release|x64.ActiveCfg = Release|Any CPU
		{98046132-2D20-4485-BAE9-CF4B95F33494}.Release|x64.Build.0 = Release|Any CPU
		{98046132-2D20-4485-BAE9-CF4B95F33494}.Release|x86.ActiveCfg = Release|Any CPU
		{98046132-2D20-4485-BAE9-CF4B95F33494}.Release|x86.Build.0 = Release|Any CPU
		{A162B2FB-3B90-402A-8726-72EAC9216F61}.Debug|Any CPU.ActiveCfg = Debug|Any CPU
		{A162B2FB-3B90-402A-8726-72EAC9216F61}.Debug|Any CPU.Build.0 = Debug|Any CPU
		{A162B2FB-3B90-402A-8726-72EAC9216F61}.Debug|x64.ActiveCfg = Debug|Any CPU
		{A162B2FB-3B90-402A-8726-72EAC9216F61}.Debug|x64.Build.0 = Debug|Any CPU
		{A162B2FB-3B90-402A-8726-72EAC9216F61}.Debug|x86.ActiveCfg = Debug|Any CPU
		{A162B2FB-3B90-402A-8726-72EAC9216F61}.Debug|x86.Build.0 = Debug|Any CPU
		{A162B2FB-3B90-402A-8726-72EAC9216F61}.Release|Any CPU.ActiveCfg = Release|Any CPU
		{A162B2FB-3B90-402A-8726-72EAC9216F61}.Release|Any CPU.Build.0 = Release|Any CPU
		{A162B2FB-3B90-402A-8726-72EAC9216F61}.Release|x64.ActiveCfg = Release|Any CPU
		{A162B2FB-3B90-402A-8726-72EAC9216F61}.Release|x64.Build.0 = Release|Any CPU
		{A162B2FB-3B90-402A-8726-72EAC9216F61}.Release|x86.ActiveCfg = Release|Any CPU
		{A162B2FB-3B90-402A-8726-72EAC9216F61}.Release|x86.Build.0 = Release|Any CPU
		{3A178BF6-007F-4426-85B2-BFC3103759CA}.Debug|Any CPU.ActiveCfg = Debug|Any CPU
		{3A178BF6-007F-4426-85B2-BFC3103759CA}.Debug|Any CPU.Build.0 = Debug|Any CPU
		{3A178BF6-007F-4426-85B2-BFC3103759CA}.Debug|x64.ActiveCfg = Debug|Any CPU
		{3A178BF6-007F-4426-85B2-BFC3103759CA}.Debug|x64.Build.0 = Debug|Any CPU
		{3A178BF6-007F-4426-85B2-BFC3103759CA}.Debug|x86.ActiveCfg = Debug|Any CPU
		{3A178BF6-007F-4426-85B2-BFC3103759CA}.Debug|x86.Build.0 = Debug|Any CPU
		{3A178BF6-007F-4426-85B2-BFC3103759CA}.Release|Any CPU.ActiveCfg = Release|Any CPU
		{3A178BF6-007F-4426-85B2-BFC3103759CA}.Release|Any CPU.Build.0 = Release|Any CPU
		{3A178BF6-007F-4426-85B2-BFC3103759CA}.Release|x64.ActiveCfg = Release|Any CPU
		{3A178BF6-007F-4426-85B2-BFC3103759CA}.Release|x64.Build.0 = Release|Any CPU
		{3A178BF6-007F-4426-85B2-BFC3103759CA}.Release|x86.ActiveCfg = Release|Any CPU
		{3A178BF6-007F-4426-85B2-BFC3103759CA}.Release|x86.Build.0 = Release|Any CPU
	EndGlobalSection
	GlobalSection(SolutionProperties) = preSolution
		HideSolutionNode = FALSE
	EndGlobalSection
	GlobalSection(NestedProjects) = preSolution
		{F6B05456-159D-4373-BB15-08CBC19399FA} = {46899413-A1AD-7709-F42F-DC74916C2577}
		{1CA2805B-EE3A-4CC2-91DC-FBD9319F031D} = {FC923897-14A2-E7F5-199D-2C8A9BA0098F}
		{755C24B5-2619-4386-BFB3-E6E159A3246F} = {B2C3D4E5-F6A7-8901-BCDE-F12345678901}
		{220E9B7B-F2C2-4AB4-A10E-8279DC25CCEB} = {D4E5F6A7-B8C9-0123-DEF1-234567890123}
		{B019A22D-39A6-4156-8EB5-57D43CD53831} = {E5F6A7B8-C9D0-1234-EF12-345678901234}
		{7E0F5F1E-1234-4A3B-9C9D-1F2E3D4C5B6A} = {E5F6A7B8-C9D0-1234-EF12-345678901234}
		{9F9200E9-5162-43AC-92C4-E8F837293140} = {C3D4E5F6-A7B8-9012-CDEF-123456789012}
		{98046132-2D20-4485-BAE9-CF4B95F33494} = {C3D4E5F6-A7B8-9012-CDEF-123456789012}
		{A162B2FB-3B90-402A-8726-72EAC9216F61} = {C3D4E5F6-A7B8-9012-CDEF-123456789012}
		{3A178BF6-007F-4426-85B2-BFC3103759CA} = {554EBF8D-BAE7-488B-AAD1-DF1CA1D8BEB3}
	EndGlobalSection
	GlobalSection(ExtensibilityGlobals) = postSolution
		SolutionGuid = {4EA37B35-7A7B-4597-B66A-F978966C9D77}
	EndGlobalSection
EndGlobal
