
Microsoft Visual Studio Solution File, Format Version 12.00
# Visual Studio Version 17
VisualStudioVersion = 17.0.31903.59
MinimumVisualStudioVersion = 10.0.40219.1
Project("{2150E333-8FDC-42A3-9474-1A3956D46DE8}") = "Database", "Database", "{E0096E63-5207-411F-2649-837654E3C58A}"
EndProject
Project("{FAE04EC0-301F-11D3-BF4B-00C04F79EFBC}") = "N.LMS.Database.Interface", "Database\N.LMS.Database.Interface\N.LMS.Database.Interface.csproj", "{329C6F33-58F1-45C3-8CF8-0B2A78C173DE}"
EndProject
Project("{FAE04EC0-301F-11D3-BF4B-00C04F79EFBC}") = "N.LMS.Database.DbUp", "Database\N.LMS.Database.DbUp\N.LMS.Database.DbUp.csproj", "{65612427-3519-4B65-8B45-AC294D9754F3}"
EndProject
Project("{FAE04EC0-301F-11D3-BF4B-00C04F79EFBC}") = "N.LMS.Database.Factory", "Database\N.LMS.Database.Factory\N.LMS.Database.Factory.csproj", "{2D84F0A0-C7BF-49CE-BE75-B56FC69E7B10}"
EndProject
Project("{2150E333-8FDC-42A3-9474-1A3956D46DE8}") = "Common", "Common", "{881589EE-639B-0A35-DBCE-5D94E4FC90C0}"
EndProject
Project("{FAE04EC0-301F-11D3-BF4B-00C04F79EFBC}") = "N.LMS.Common.Interface", "Common\N.LMS.Common.Interface\N.LMS.Common.Interface.csproj", "{8319B39E-80CE-4AA2-8435-D4EE255F7D75}"
EndProject
Project("{2150E333-8FDC-42A3-9474-1A3956D46DE8}") = "Services", "Services", "{5854FF58-B8C5-05C6-5BF2-ACE42193F22B}"
EndProject
Project("{2150E333-8FDC-42A3-9474-1A3956D46DE8}") = "Accessor", "Accessor", "{6577EDE4-9719-05AB-53AC-990D3A9A7D98}"
EndProject
Project("{2150E333-8FDC-42A3-9474-1A3956D46DE8}") = "Course", "Course", "{3D5AC005-452C-88BE-57F5-398F020F5BB5}"
EndProject
Project("{2150E333-8FDC-42A3-9474-1A3956D46DE8}") = "Interface", "Interface", "{E7DE28F1-2A45-B957-FD86-1A84D1E01AEE}"
EndProject
Project("{FAE04EC0-301F-11D3-BF4B-00C04F79EFBC}") = "N.LMS.Accessor.Course.Interface", "Services\Accessor\Course\Interface\N.LMS.Accessor.Course.Interface.csproj", "{C8D5E74E-09C8-4515-8873-7472E0189D48}"
EndProject
Project("{2150E333-8FDC-42A3-9474-1A3956D46DE8}") = "Service", "Service", "{DBC20798-14E0-EB15-D13F-8CE8B3E8D646}"
EndProject
Project("{FAE04EC0-301F-11D3-BF4B-00C04F79EFBC}") = "N.LMS.Accessor.Course.Service", "Services\Accessor\Course\Service\N.LMS.Accessor.Course.Service.csproj", "{9DD983AA-429B-4BA4-8FFE-7EB726891BDB}"
EndProject
Project("{2150E333-8FDC-42A3-9474-1A3956D46DE8}") = "Enrollment", "Enrollment", "{D49AE9E7-4444-8BBA-A4E0-8F92D63795C7}"
EndProject
Project("{2150E333-8FDC-42A3-9474-1A3956D46DE8}") = "Interface", "Interface", "{E48C623A-EA63-1B57-E7AC-B4CB51B036EA}"
EndProject
Project("{FAE04EC0-301F-11D3-BF4B-00C04F79EFBC}") = "N.LMS.Accessor.Enrollment.Interface", "Services\Accessor\Enrollment\Interface\N.LMS.Accessor.Enrollment.Interface.csproj", "{7FA6C51A-4C18-40C6-8843-78447172D036}"
EndProject
Project("{2150E333-8FDC-42A3-9474-1A3956D46DE8}") = "Service", "Service", "{8525B729-17F4-3D1F-9F5A-13225E72793F}"
EndProject
Project("{FAE04EC0-301F-11D3-BF4B-00C04F79EFBC}") = "N.LMS.Accessor.Enrollment.Service", "Services\Accessor\Enrollment\Service\N.LMS.Accessor.Enrollment.Service.csproj", "{EDAA4B36-0A59-4BB2-BECD-1B6958994777}"
EndProject
Project("{2150E333-8FDC-42A3-9474-1A3956D46DE8}") = "Module", "Module", "{035A8D00-8F9B-F88D-7408-B6D40295258D}"
EndProject
Project("{2150E333-8FDC-42A3-9474-1A3956D46DE8}") = "Interface", "Interface", "{EEC870EB-D3B2-1F72-AE00-3F3298171A08}"
EndProject
Project("{FAE04EC0-301F-11D3-BF4B-00C04F79EFBC}") = "N.LMS.Accessor.Module.Interface", "Services\Accessor\Module\Interface\N.LMS.Accessor.Module.Interface.csproj", "{B72A921D-BFD2-4436-B314-4B3A5DDD94A9}"
EndProject
Project("{2150E333-8FDC-42A3-9474-1A3956D46DE8}") = "Service", "Service", "{95C0616D-D825-ADC0-8FBA-09ED0F971788}"
EndProject
Project("{FAE04EC0-301F-11D3-BF4B-00C04F79EFBC}") = "N.LMS.Accessor.Module.Service", "Services\Accessor\Module\Service\N.LMS.Accessor.Module.Service.csproj", "{BC7B2EA2-6F73-47FF-B881-54DB7D40D39F}"
EndProject
Project("{2150E333-8FDC-42A3-9474-1A3956D46DE8}") = "User", "User", "{C08D4599-3426-14F7-3E8C-19AD95B7A1F4}"
EndProject
Project("{2150E333-8FDC-42A3-9474-1A3956D46DE8}") = "Interface", "Interface", "{B822A5D5-32FA-40AD-632A-799C41130B77}"
EndProject
Project("{FAE04EC0-301F-11D3-BF4B-00C04F79EFBC}") = "N.LMS.Accessor.User.Interface", "Services\Accessor\User\Interface\N.LMS.Accessor.User.Interface.csproj", "{7D20CDFA-A497-40B7-BBB4-F2653A8F1FB1}"
EndProject
Project("{2150E333-8FDC-42A3-9474-1A3956D46DE8}") = "Service", "Service", "{9EA3576E-B846-8546-0BEE-5C2294A54827}"
EndProject
Project("{FAE04EC0-301F-11D3-BF4B-00C04F79EFBC}") = "N.LMS.Accessor.User.Service", "Services\Accessor\User\Service\N.LMS.Accessor.User.Service.csproj", "{1BD0A50C-4E04-4F22-81A1-D60433E39A84}"
EndProject
Project("{2150E333-8FDC-42A3-9474-1A3956D46DE8}") = "System", "System", "{C7987F4F-B909-0E52-69A1-E5EB8CACA10A}"
EndProject
Project("{2150E333-8FDC-42A3-9474-1A3956D46DE8}") = "Interface", "Interface", "{2E5F87EF-6817-D1E7-1242-9E81B1C117C1}"
EndProject
Project("{FAE04EC0-301F-11D3-BF4B-00C04F79EFBC}") = "N.LMS.Accessor.System.Interface", "Services\Accessor\System\Interface\N.LMS.Accessor.System.Interface.csproj", "{9558F5C7-E6DB-449E-A9C7-666B0B4A2B8E}"
EndProject
Project("{2150E333-8FDC-42A3-9474-1A3956D46DE8}") = "Service", "Service", "{CD13DD34-DC9B-DA47-A864-0B21A7F9F00D}"
EndProject
Project("{FAE04EC0-301F-11D3-BF4B-00C04F79EFBC}") = "N.LMS.Accessor.System.Service", "Services\Accessor\System\Service\N.LMS.Accessor.System.Service.csproj", "{64BC1CB7-69F1-45F6-AE10-362611363D5E}"
EndProject
Project("{2150E333-8FDC-42A3-9474-1A3956D46DE8}") = "Lesson", "Lesson", "{DC581841-E5CA-483E-02EF-F30A5BC7D470}"
EndProject
Project("{2150E333-8FDC-42A3-9474-1A3956D46DE8}") = "Interface", "Interface", "{A3A7610C-5DAF-D06F-E874-2EC470821EFE}"
EndProject
Project("{FAE04EC0-301F-11D3-BF4B-00C04F79EFBC}") = "N.LMS.Accessor.Lesson.Interface", "Services\Accessor\Lesson\Interface\N.LMS.Accessor.Lesson.Interface.csproj", "{7D91031C-786F-4C53-8735-A74F0C0F4E11}"
EndProject
Project("{2150E333-8FDC-42A3-9474-1A3956D46DE8}") = "Service", "Service", "{35F1ADBA-9FF9-734D-EDAF-EEBF81DF111E}"
EndProject
Project("{FAE04EC0-301F-11D3-BF4B-00C04F79EFBC}") = "N.LMS.Accessor.Lesson.Service", "Services\Accessor\Lesson\Service\N.LMS.Accessor.Lesson.Service.csproj", "{1C511ACD-974C-4A42-95BC-EA200AFFCFA7}"
EndProject
Project("{2150E333-8FDC-42A3-9474-1A3956D46DE8}") = "Manager", "Manager", "{59908CE0-D9D7-8A08-8006-F64873F5AAB2}"
EndProject
Project("{2150E333-8FDC-42A3-9474-1A3956D46DE8}") = "Admin", "Admin", "{830FA4F6-C020-7C97-B6BB-803A4FB9E754}"
EndProject
Project("{2150E333-8FDC-42A3-9474-1A3956D46DE8}") = "Interface", "Interface", "{8FD0DD02-8398-87B8-BC4B-856F984E3EBF}"
EndProject
Project("{FAE04EC0-301F-11D3-BF4B-00C04F79EFBC}") = "N.LMS.Manager.Admin.Interface", "Services\Manager\Admin\Interface\N.LMS.Manager.Admin.Interface.csproj", "{446589A2-D549-4A24-8C1A-3CAE07621DB3}"
EndProject
Project("{2150E333-8FDC-42A3-9474-1A3956D46DE8}") = "Service", "Service", "{D43E6174-0E9C-4CEB-EDEA-3854428EBB74}"
EndProject
Project("{FAE04EC0-301F-11D3-BF4B-00C04F79EFBC}") = "N.LMS.Manager.Admin.Service", "Services\Manager\Admin\Service\N.LMS.Manager.Admin.Service.csproj", "{C7A95FB3-3499-4818-8776-3A575CA73EF0}"
EndProject
Project("{2150E333-8FDC-42A3-9474-1A3956D46DE8}") = "Learning", "Learning", "{9BF3A5D3-1C62-E5D9-B37C-194C23883E97}"
EndProject
Project("{2150E333-8FDC-42A3-9474-1A3956D46DE8}") = "Interface", "Interface", "{3A8F4B97-3E65-1969-EEF9-2D22BD717CBA}"
EndProject
Project("{FAE04EC0-301F-11D3-BF4B-00C04F79EFBC}") = "N.LMS.Manager.Learning.Interface", "Services\Manager\Learning\Interface\N.LMS.Manager.Learning.Interface.csproj", "{F19970C3-DDD3-440C-9300-36B593EF290E}"
EndProject
Project("{2150E333-8FDC-42A3-9474-1A3956D46DE8}") = "Service", "Service", "{9A901D20-0075-B5D6-562A-E9AD41C2F18D}"
EndProject
Project("{FAE04EC0-301F-11D3-BF4B-00C04F79EFBC}") = "N.LMS.Manager.Learning.Service", "Services\Manager\Learning\Service\N.LMS.Manager.Learning.Service.csproj", "{6495F892-E29B-4C0F-A406-52DA21578DB9}"
EndProject
Project("{FAE04EC0-301F-11D3-BF4B-00C04F79EFBC}") = "N.LMS.Common.Service", "Common\N.LMS.Common.Service\N.LMS.Common.Service.csproj", "{FC68870C-AE47-42BA-9C7A-E597F61485D6}"
EndProject
Project("{2150E333-8FDC-42A3-9474-1A3956D46DE8}") = "Clients", "Clients", "{9123F88B-E531-3118-42D7-ED8CEF4BD00E}"
EndProject
Project("{FAE04EC0-301F-11D3-BF4B-00C04F79EFBC}") = "N.LMS.Client.WebApi", "Clients\N.LMS.Client.WebApi\N.LMS.Client.WebApi.csproj", "{4A6207FE-B57A-447E-9D4F-6EFB0D40D641}"
EndProject
Project("{2150E333-8FDC-42A3-9474-1A3956D46DE8}") = "Ifx", "Ifx", "{0AE080A0-6033-AFD8-AF81-D8288F43ED0E}"
EndProject
Project("{FAE04EC0-301F-11D3-BF4B-00C04F79EFBC}") = "N.LMS.Ifx.Interceptor", "Ifx\N.LMS.Ifx.Interceptor\N.LMS.Ifx.Interceptor.csproj", "{997B975D-25DB-4E04-A5DA-A66ABF9DFC73}"
EndProject
Project("{2150E333-8FDC-42A3-9474-1A3956D46DE8}") = "Engine", "Engine", "{F4106011-3FF9-466A-39B2-56E8607ABF87}"
EndProject
Project("{2150E333-8FDC-42A3-9474-1A3956D46DE8}") = "Validation", "Validation", "{3D55C621-718F-7E7D-C322-0F5186A45956}"
EndProject
Project("{2150E333-8FDC-42A3-9474-1A3956D46DE8}") = "Interface", "Interface", "{B5569203-4BE2-9B33-D980-F62544DC0D1F}"
EndProject
Project("{FAE04EC0-301F-11D3-BF4B-00C04F79EFBC}") = "N.LMS.Engine.Validation.Interface", "Services\Engine\Validation\Interface\N.LMS.Engine.Validation.Interface.csproj", "{C9EE593D-C696-45E3-AD3E-C4753814D610}"
EndProject
Project("{2150E333-8FDC-42A3-9474-1A3956D46DE8}") = "Utility", "Utility", "{B43CEFFE-C03C-C6AD-BDE1-7F44E3E16D23}"
EndProject
Project("{2150E333-8FDC-42A3-9474-1A3956D46DE8}") = "Logging", "Logging", "{0DA5C539-DA2A-8722-6E59-89421DD5C102}"
EndProject
Project("{2150E333-8FDC-42A3-9474-1A3956D46DE8}") = "Interface", "Interface", "{732372CB-9B67-1812-F892-0C734D2A3F5F}"
EndProject
Project("{FAE04EC0-301F-11D3-BF4B-00C04F79EFBC}") = "N.LMS.Utility.Logging.Interface", "Services\Utility\Logging\Interface\N.LMS.Utility.Logging.Interface.csproj", "{A9961752-D468-4858-B4AF-7BCB7B285F36}"
EndProject
Project("{2150E333-8FDC-42A3-9474-1A3956D46DE8}") = "Service", "Service", "{C6E92F90-0959-AEAF-B591-B7806828B840}"
EndProject
Project("{FAE04EC0-301F-11D3-BF4B-00C04F79EFBC}") = "N.LMS.Engine.Validation.Service", "Services\Engine\Validation\Service\N.LMS.Engine.Validation.Service.csproj", "{9864CA54-8956-4329-928D-45F191552541}"
EndProject
Project("{2150E333-8FDC-42A3-9474-1A3956D46DE8}") = "Context", "Context", "{B28BF9AA-5A6E-221D-22BC-C7224C3FDE50}"
EndProject
Project("{2150E333-8FDC-42A3-9474-1A3956D46DE8}") = "Service", "Service", "{0F422E54-A9A9-1EFE-1A12-664CE200B6C6}"
EndProject
Project("{FAE04EC0-301F-11D3-BF4B-00C04F79EFBC}") = "N.LMS.Utility.Context.Service", "Services\Utility\Context\Service\N.LMS.Utility.Context.Service.csproj", "{E9A47BCB-8B30-4AF9-B1E5-5231BDF80D4F}"
EndProject
Project("{2150E333-8FDC-42A3-9474-1A3956D46DE8}") = "DateTime", "DateTime", "{B3836032-78FC-ECE8-0FF8-22519DBD495B}"
EndProject
Project("{2150E333-8FDC-42A3-9474-1A3956D46DE8}") = "Interface", "Interface", "{4F0F52E4-739C-3890-4CFA-21E729C1C4F0}"
EndProject
Project("{FAE04EC0-301F-11D3-BF4B-00C04F79EFBC}") = "N.LMS.Utility.DateTime.Interface", "Services\Utility\DateTime\Interface\N.LMS.Utility.DateTime.Interface.csproj", "{8BE696CF-F409-449F-A8BF-C35E7A0AD183}"
EndProject
Project("{2150E333-8FDC-42A3-9474-1A3956D46DE8}") = "Service", "Service", "{2D27A11D-4C7F-72BE-8758-47518D30FCF0}"
EndProject
Project("{FAE04EC0-301F-11D3-BF4B-00C04F79EFBC}") = "N.LMS.Utility.DateTime.Service", "Services\Utility\DateTime\Service\N.LMS.Utility.DateTime.Service.csproj", "{8C5B1CC7-FA46-44F7-B6BB-374C89AB1DD9}"
EndProject
Project("{2150E333-8FDC-42A3-9474-1A3956D46DE8}") = "Service", "Service", "{EB0AEB0E-F35E-1F54-863A-D0B68F38F7B1}"
EndProject
Project("{FAE04EC0-301F-11D3-BF4B-00C04F79EFBC}") = "N.LMS.Utility.Logging.Service", "Services\Utility\Logging\Service\N.LMS.Utility.Logging.Service.csproj", "{4770EE78-31DF-462F-A43C-B4F9FF82FB01}"
EndProject
Project("{2150E333-8FDC-42A3-9474-1A3956D46DE8}") = "Tests", "Tests", "{590559FA-657F-78EF-DDAE-AAB5352B6374}"
EndProject
Project("{FAE04EC0-301F-11D3-BF4B-00C04F79EFBC}") = "N.LMS.Accessor.Tests", "Services\Accessor\Tests\N.LMS.Accessor.Tests.csproj", "{689D1CEE-4553-4C5B-A80F-E6FAA5488606}"
EndProject
Project("{2150E333-8FDC-42A3-9474-1A3956D46DE8}") = "Tests", "Tests", "{CA4ACAA2-9666-F094-66A9-6C71B9FB7337}"
EndProject
Project("{FAE04EC0-301F-11D3-BF4B-00C04F79EFBC}") = "N.LMS.Manager.Tests", "Services\Manager\Tests\N.LMS.Manager.Tests.csproj", "{1B7F00C3-EB04-4C2D-AB77-6A0A174DA72E}"
EndProject
Global
	GlobalSection(SolutionConfigurationPlatforms) = preSolution
		Debug|Any CPU = Debug|Any CPU
		Debug|x64 = Debug|x64
		Debug|x86 = Debug|x86
		Release|Any CPU = Release|Any CPU
		Release|x64 = Release|x64
		Release|x86 = Release|x86
	EndGlobalSection
	GlobalSection(ProjectConfigurationPlatforms) = postSolution
		{329C6F33-58F1-45C3-8CF8-0B2A78C173DE}.Debug|Any CPU.ActiveCfg = Debug|Any CPU
		{329C6F33-58F1-45C3-8CF8-0B2A78C173DE}.Debug|Any CPU.Build.0 = Debug|Any CPU
		{329C6F33-58F1-45C3-8CF8-0B2A78C173DE}.Debug|x64.ActiveCfg = Debug|Any CPU
		{329C6F33-58F1-45C3-8CF8-0B2A78C173DE}.Debug|x64.Build.0 = Debug|Any CPU
		{329C6F33-58F1-45C3-8CF8-0B2A78C173DE}.Debug|x86.ActiveCfg = Debug|Any CPU
		{329C6F33-58F1-45C3-8CF8-0B2A78C173DE}.Debug|x86.Build.0 = Debug|Any CPU
		{329C6F33-58F1-45C3-8CF8-0B2A78C173DE}.Release|Any CPU.ActiveCfg = Release|Any CPU
		{329C6F33-58F1-45C3-8CF8-0B2A78C173DE}.Release|Any CPU.Build.0 = Release|Any CPU
		{329C6F33-58F1-45C3-8CF8-0B2A78C173DE}.Release|x64.ActiveCfg = Release|Any CPU
		{329C6F33-58F1-45C3-8CF8-0B2A78C173DE}.Release|x64.Build.0 = Release|Any CPU
		{329C6F33-58F1-45C3-8CF8-0B2A78C173DE}.Release|x86.ActiveCfg = Release|Any CPU
		{329C6F33-58F1-45C3-8CF8-0B2A78C173DE}.Release|x86.Build.0 = Release|Any CPU
		{65612427-3519-4B65-8B45-AC294D9754F3}.Debug|Any CPU.ActiveCfg = Debug|Any CPU
		{65612427-3519-4B65-8B45-AC294D9754F3}.Debug|Any CPU.Build.0 = Debug|Any CPU
		{65612427-3519-4B65-8B45-AC294D9754F3}.Debug|x64.ActiveCfg = Debug|Any CPU
		{65612427-3519-4B65-8B45-AC294D9754F3}.Debug|x64.Build.0 = Debug|Any CPU
		{65612427-3519-4B65-8B45-AC294D9754F3}.Debug|x86.ActiveCfg = Debug|Any CPU
		{65612427-3519-4B65-8B45-AC294D9754F3}.Debug|x86.Build.0 = Debug|Any CPU
		{65612427-3519-4B65-8B45-AC294D9754F3}.Release|Any CPU.ActiveCfg = Release|Any CPU
		{65612427-3519-4B65-8B45-AC294D9754F3}.Release|Any CPU.Build.0 = Release|Any CPU
		{65612427-3519-4B65-8B45-AC294D9754F3}.Release|x64.ActiveCfg = Release|Any CPU
		{65612427-3519-4B65-8B45-AC294D9754F3}.Release|x64.Build.0 = Release|Any CPU
		{65612427-3519-4B65-8B45-AC294D9754F3}.Release|x86.ActiveCfg = Release|Any CPU
		{65612427-3519-4B65-8B45-AC294D9754F3}.Release|x86.Build.0 = Release|Any CPU
		{2D84F0A0-C7BF-49CE-BE75-B56FC69E7B10}.Debug|Any CPU.ActiveCfg = Debug|Any CPU
		{2D84F0A0-C7BF-49CE-BE75-B56FC69E7B10}.Debug|Any CPU.Build.0 = Debug|Any CPU
		{2D84F0A0-C7BF-49CE-BE75-B56FC69E7B10}.Debug|x64.ActiveCfg = Debug|Any CPU
		{2D84F0A0-C7BF-49CE-BE75-B56FC69E7B10}.Debug|x64.Build.0 = Debug|Any CPU
		{2D84F0A0-C7BF-49CE-BE75-B56FC69E7B10}.Debug|x86.ActiveCfg = Debug|Any CPU
		{2D84F0A0-C7BF-49CE-BE75-B56FC69E7B10}.Debug|x86.Build.0 = Debug|Any CPU
		{2D84F0A0-C7BF-49CE-BE75-B56FC69E7B10}.Release|Any CPU.ActiveCfg = Release|Any CPU
		{2D84F0A0-C7BF-49CE-BE75-B56FC69E7B10}.Release|Any CPU.Build.0 = Release|Any CPU
		{2D84F0A0-C7BF-49CE-BE75-B56FC69E7B10}.Release|x64.ActiveCfg = Release|Any CPU
		{2D84F0A0-C7BF-49CE-BE75-B56FC69E7B10}.Release|x64.Build.0 = Release|Any CPU
		{2D84F0A0-C7BF-49CE-BE75-B56FC69E7B10}.Release|x86.ActiveCfg = Release|Any CPU
		{2D84F0A0-C7BF-49CE-BE75-B56FC69E7B10}.Release|x86.Build.0 = Release|Any CPU
		{8319B39E-80CE-4AA2-8435-D4EE255F7D75}.Debug|Any CPU.ActiveCfg = Debug|Any CPU
		{8319B39E-80CE-4AA2-8435-D4EE255F7D75}.Debug|Any CPU.Build.0 = Debug|Any CPU
		{8319B39E-80CE-4AA2-8435-D4EE255F7D75}.Debug|x64.ActiveCfg = Debug|Any CPU
		{8319B39E-80CE-4AA2-8435-D4EE255F7D75}.Debug|x64.Build.0 = Debug|Any CPU
		{8319B39E-80CE-4AA2-8435-D4EE255F7D75}.Debug|x86.ActiveCfg = Debug|Any CPU
		{8319B39E-80CE-4AA2-8435-D4EE255F7D75}.Debug|x86.Build.0 = Debug|Any CPU
		{8319B39E-80CE-4AA2-8435-D4EE255F7D75}.Release|Any CPU.ActiveCfg = Release|Any CPU
		{8319B39E-80CE-4AA2-8435-D4EE255F7D75}.Release|Any CPU.Build.0 = Release|Any CPU
		{8319B39E-80CE-4AA2-8435-D4EE255F7D75}.Release|x64.ActiveCfg = Release|Any CPU
		{8319B39E-80CE-4AA2-8435-D4EE255F7D75}.Release|x64.Build.0 = Release|Any CPU
		{8319B39E-80CE-4AA2-8435-D4EE255F7D75}.Release|x86.ActiveCfg = Release|Any CPU
		{8319B39E-80CE-4AA2-8435-D4EE255F7D75}.Release|x86.Build.0 = Release|Any CPU
		{C8D5E74E-09C8-4515-8873-7472E0189D48}.Debug|Any CPU.ActiveCfg = Debug|Any CPU
		{C8D5E74E-09C8-4515-8873-7472E0189D48}.Debug|Any CPU.Build.0 = Debug|Any CPU
		{C8D5E74E-09C8-4515-8873-7472E0189D48}.Debug|x64.ActiveCfg = Debug|Any CPU
		{C8D5E74E-09C8-4515-8873-7472E0189D48}.Debug|x64.Build.0 = Debug|Any CPU
		{C8D5E74E-09C8-4515-8873-7472E0189D48}.Debug|x86.ActiveCfg = Debug|Any CPU
		{C8D5E74E-09C8-4515-8873-7472E0189D48}.Debug|x86.Build.0 = Debug|Any CPU
		{C8D5E74E-09C8-4515-8873-7472E0189D48}.Release|Any CPU.ActiveCfg = Release|Any CPU
		{C8D5E74E-09C8-4515-8873-7472E0189D48}.Release|Any CPU.Build.0 = Release|Any CPU
		{C8D5E74E-09C8-4515-8873-7472E0189D48}.Release|x64.ActiveCfg = Release|Any CPU
		{C8D5E74E-09C8-4515-8873-7472E0189D48}.Release|x64.Build.0 = Release|Any CPU
		{C8D5E74E-09C8-4515-8873-7472E0189D48}.Release|x86.ActiveCfg = Release|Any CPU
		{C8D5E74E-09C8-4515-8873-7472E0189D48}.Release|x86.Build.0 = Release|Any CPU
		{9DD983AA-429B-4BA4-8FFE-7EB726891BDB}.Debug|Any CPU.ActiveCfg = Debug|Any CPU
		{9DD983AA-429B-4BA4-8FFE-7EB726891BDB}.Debug|Any CPU.Build.0 = Debug|Any CPU
		{9DD983AA-429B-4BA4-8FFE-7EB726891BDB}.Debug|x64.ActiveCfg = Debug|Any CPU
		{9DD983AA-429B-4BA4-8FFE-7EB726891BDB}.Debug|x64.Build.0 = Debug|Any CPU
		{9DD983AA-429B-4BA4-8FFE-7EB726891BDB}.Debug|x86.ActiveCfg = Debug|Any CPU
		{9DD983AA-429B-4BA4-8FFE-7EB726891BDB}.Debug|x86.Build.0 = Debug|Any CPU
		{9DD983AA-429B-4BA4-8FFE-7EB726891BDB}.Release|Any CPU.ActiveCfg = Release|Any CPU
		{9DD983AA-429B-4BA4-8FFE-7EB726891BDB}.Release|Any CPU.Build.0 = Release|Any CPU
		{9DD983AA-429B-4BA4-8FFE-7EB726891BDB}.Release|x64.ActiveCfg = Release|Any CPU
		{9DD983AA-429B-4BA4-8FFE-7EB726891BDB}.Release|x64.Build.0 = Release|Any CPU
		{9DD983AA-429B-4BA4-8FFE-7EB726891BDB}.Release|x86.ActiveCfg = Release|Any CPU
		{9DD983AA-429B-4BA4-8FFE-7EB726891BDB}.Release|x86.Build.0 = Release|Any CPU
		{7FA6C51A-4C18-40C6-8843-78447172D036}.Debug|Any CPU.ActiveCfg = Debug|Any CPU
		{7FA6C51A-4C18-40C6-8843-78447172D036}.Debug|Any CPU.Build.0 = Debug|Any CPU
		{7FA6C51A-4C18-40C6-8843-78447172D036}.Debug|x64.ActiveCfg = Debug|Any CPU
		{7FA6C51A-4C18-40C6-8843-78447172D036}.Debug|x64.Build.0 = Debug|Any CPU
		{7FA6C51A-4C18-40C6-8843-78447172D036}.Debug|x86.ActiveCfg = Debug|Any CPU
		{7FA6C51A-4C18-40C6-8843-78447172D036}.Debug|x86.Build.0 = Debug|Any CPU
		{7FA6C51A-4C18-40C6-8843-78447172D036}.Release|Any CPU.ActiveCfg = Release|Any CPU
		{7FA6C51A-4C18-40C6-8843-78447172D036}.Release|Any CPU.Build.0 = Release|Any CPU
		{7FA6C51A-4C18-40C6-8843-78447172D036}.Release|x64.ActiveCfg = Release|Any CPU
		{7FA6C51A-4C18-40C6-8843-78447172D036}.Release|x64.Build.0 = Release|Any CPU
		{7FA6C51A-4C18-40C6-8843-78447172D036}.Release|x86.ActiveCfg = Release|Any CPU
		{7FA6C51A-4C18-40C6-8843-78447172D036}.Release|x86.Build.0 = Release|Any CPU
		{EDAA4B36-0A59-4BB2-BECD-1B6958994777}.Debug|Any CPU.ActiveCfg = Debug|Any CPU
		{EDAA4B36-0A59-4BB2-BECD-1B6958994777}.Debug|Any CPU.Build.0 = Debug|Any CPU
		{EDAA4B36-0A59-4BB2-BECD-1B6958994777}.Debug|x64.ActiveCfg = Debug|Any CPU
		{EDAA4B36-0A59-4BB2-BECD-1B6958994777}.Debug|x64.Build.0 = Debug|Any CPU
		{EDAA4B36-0A59-4BB2-BECD-1B6958994777}.Debug|x86.ActiveCfg = Debug|Any CPU
		{EDAA4B36-0A59-4BB2-BECD-1B6958994777}.Debug|x86.Build.0 = Debug|Any CPU
		{EDAA4B36-0A59-4BB2-BECD-1B6958994777}.Release|Any CPU.ActiveCfg = Release|Any CPU
		{EDAA4B36-0A59-4BB2-BECD-1B6958994777}.Release|Any CPU.Build.0 = Release|Any CPU
		{EDAA4B36-0A59-4BB2-BECD-1B6958994777}.Release|x64.ActiveCfg = Release|Any CPU
		{EDAA4B36-0A59-4BB2-BECD-1B6958994777}.Release|x64.Build.0 = Release|Any CPU
		{EDAA4B36-0A59-4BB2-BECD-1B6958994777}.Release|x86.ActiveCfg = Release|Any CPU
		{EDAA4B36-0A59-4BB2-BECD-1B6958994777}.Release|x86.Build.0 = Release|Any CPU
		{B72A921D-BFD2-4436-B314-4B3A5DDD94A9}.Debug|Any CPU.ActiveCfg = Debug|Any CPU
		{B72A921D-BFD2-4436-B314-4B3A5DDD94A9}.Debug|Any CPU.Build.0 = Debug|Any CPU
		{B72A921D-BFD2-4436-B314-4B3A5DDD94A9}.Debug|x64.ActiveCfg = Debug|Any CPU
		{B72A921D-BFD2-4436-B314-4B3A5DDD94A9}.Debug|x64.Build.0 = Debug|Any CPU
		{B72A921D-BFD2-4436-B314-4B3A5DDD94A9}.Debug|x86.ActiveCfg = Debug|Any CPU
		{B72A921D-BFD2-4436-B314-4B3A5DDD94A9}.Debug|x86.Build.0 = Debug|Any CPU
		{B72A921D-BFD2-4436-B314-4B3A5DDD94A9}.Release|Any CPU.ActiveCfg = Release|Any CPU
		{B72A921D-BFD2-4436-B314-4B3A5DDD94A9}.Release|Any CPU.Build.0 = Release|Any CPU
		{B72A921D-BFD2-4436-B314-4B3A5DDD94A9}.Release|x64.ActiveCfg = Release|Any CPU
		{B72A921D-BFD2-4436-B314-4B3A5DDD94A9}.Release|x64.Build.0 = Release|Any CPU
		{B72A921D-BFD2-4436-B314-4B3A5DDD94A9}.Release|x86.ActiveCfg = Release|Any CPU
		{B72A921D-BFD2-4436-B314-4B3A5DDD94A9}.Release|x86.Build.0 = Release|Any CPU
		{BC7B2EA2-6F73-47FF-B881-54DB7D40D39F}.Debug|Any CPU.ActiveCfg = Debug|Any CPU
		{BC7B2EA2-6F73-47FF-B881-54DB7D40D39F}.Debug|Any CPU.Build.0 = Debug|Any CPU
		{BC7B2EA2-6F73-47FF-B881-54DB7D40D39F}.Debug|x64.ActiveCfg = Debug|Any CPU
		{BC7B2EA2-6F73-47FF-B881-54DB7D40D39F}.Debug|x64.Build.0 = Debug|Any CPU
		{BC7B2EA2-6F73-47FF-B881-54DB7D40D39F}.Debug|x86.ActiveCfg = Debug|Any CPU
		{BC7B2EA2-6F73-47FF-B881-54DB7D40D39F}.Debug|x86.Build.0 = Debug|Any CPU
		{BC7B2EA2-6F73-47FF-B881-54DB7D40D39F}.Release|Any CPU.ActiveCfg = Release|Any CPU
		{BC7B2EA2-6F73-47FF-B881-54DB7D40D39F}.Release|Any CPU.Build.0 = Release|Any CPU
		{BC7B2EA2-6F73-47FF-B881-54DB7D40D39F}.Release|x64.ActiveCfg = Release|Any CPU
		{BC7B2EA2-6F73-47FF-B881-54DB7D40D39F}.Release|x64.Build.0 = Release|Any CPU
		{BC7B2EA2-6F73-47FF-B881-54DB7D40D39F}.Release|x86.ActiveCfg = Release|Any CPU
		{BC7B2EA2-6F73-47FF-B881-54DB7D40D39F}.Release|x86.Build.0 = Release|Any CPU
		{7D20CDFA-A497-40B7-BBB4-F2653A8F1FB1}.Debug|Any CPU.ActiveCfg = Debug|Any CPU
		{7D20CDFA-A497-40B7-BBB4-F2653A8F1FB1}.Debug|Any CPU.Build.0 = Debug|Any CPU
		{7D20CDFA-A497-40B7-BBB4-F2653A8F1FB1}.Debug|x64.ActiveCfg = Debug|Any CPU
		{7D20CDFA-A497-40B7-BBB4-F2653A8F1FB1}.Debug|x64.Build.0 = Debug|Any CPU
		{7D20CDFA-A497-40B7-BBB4-F2653A8F1FB1}.Debug|x86.ActiveCfg = Debug|Any CPU
		{7D20CDFA-A497-40B7-BBB4-F2653A8F1FB1}.Debug|x86.Build.0 = Debug|Any CPU
		{7D20CDFA-A497-40B7-BBB4-F2653A8F1FB1}.Release|Any CPU.ActiveCfg = Release|Any CPU
		{7D20CDFA-A497-40B7-BBB4-F2653A8F1FB1}.Release|Any CPU.Build.0 = Release|Any CPU
		{7D20CDFA-A497-40B7-BBB4-F2653A8F1FB1}.Release|x64.ActiveCfg = Release|Any CPU
		{7D20CDFA-A497-40B7-BBB4-F2653A8F1FB1}.Release|x64.Build.0 = Release|Any CPU
		{7D20CDFA-A497-40B7-BBB4-F2653A8F1FB1}.Release|x86.ActiveCfg = Release|Any CPU
		{7D20CDFA-A497-40B7-BBB4-F2653A8F1FB1}.Release|x86.Build.0 = Release|Any CPU
		{1BD0A50C-4E04-4F22-81A1-D60433E39A84}.Debug|Any CPU.ActiveCfg = Debug|Any CPU
		{1BD0A50C-4E04-4F22-81A1-D60433E39A84}.Debug|Any CPU.Build.0 = Debug|Any CPU
		{1BD0A50C-4E04-4F22-81A1-D60433E39A84}.Debug|x64.ActiveCfg = Debug|Any CPU
		{1BD0A50C-4E04-4F22-81A1-D60433E39A84}.Debug|x64.Build.0 = Debug|Any CPU
		{1BD0A50C-4E04-4F22-81A1-D60433E39A84}.Debug|x86.ActiveCfg = Debug|Any CPU
		{1BD0A50C-4E04-4F22-81A1-D60433E39A84}.Debug|x86.Build.0 = Debug|Any CPU
		{1BD0A50C-4E04-4F22-81A1-D60433E39A84}.Release|Any CPU.ActiveCfg = Release|Any CPU
		{1BD0A50C-4E04-4F22-81A1-D60433E39A84}.Release|Any CPU.Build.0 = Release|Any CPU
		{1BD0A50C-4E04-4F22-81A1-D60433E39A84}.Release|x64.ActiveCfg = Release|Any CPU
		{1BD0A50C-4E04-4F22-81A1-D60433E39A84}.Release|x64.Build.0 = Release|Any CPU
		{1BD0A50C-4E04-4F22-81A1-D60433E39A84}.Release|x86.ActiveCfg = Release|Any CPU
		{1BD0A50C-4E04-4F22-81A1-D60433E39A84}.Release|x86.Build.0 = Release|Any CPU
		{9558F5C7-E6DB-449E-A9C7-666B0B4A2B8E}.Debug|Any CPU.ActiveCfg = Debug|Any CPU
		{9558F5C7-E6DB-449E-A9C7-666B0B4A2B8E}.Debug|Any CPU.Build.0 = Debug|Any CPU
		{9558F5C7-E6DB-449E-A9C7-666B0B4A2B8E}.Debug|x64.ActiveCfg = Debug|Any CPU
		{9558F5C7-E6DB-449E-A9C7-666B0B4A2B8E}.Debug|x64.Build.0 = Debug|Any CPU
		{9558F5C7-E6DB-449E-A9C7-666B0B4A2B8E}.Debug|x86.ActiveCfg = Debug|Any CPU
		{9558F5C7-E6DB-449E-A9C7-666B0B4A2B8E}.Debug|x86.Build.0 = Debug|Any CPU
		{9558F5C7-E6DB-449E-A9C7-666B0B4A2B8E}.Release|Any CPU.ActiveCfg = Release|Any CPU
		{9558F5C7-E6DB-449E-A9C7-666B0B4A2B8E}.Release|Any CPU.Build.0 = Release|Any CPU
		{9558F5C7-E6DB-449E-A9C7-666B0B4A2B8E}.Release|x64.ActiveCfg = Release|Any CPU
		{9558F5C7-E6DB-449E-A9C7-666B0B4A2B8E}.Release|x64.Build.0 = Release|Any CPU
		{9558F5C7-E6DB-449E-A9C7-666B0B4A2B8E}.Release|x86.ActiveCfg = Release|Any CPU
		{9558F5C7-E6DB-449E-A9C7-666B0B4A2B8E}.Release|x86.Build.0 = Release|Any CPU
		{64BC1CB7-69F1-45F6-AE10-362611363D5E}.Debug|Any CPU.ActiveCfg = Debug|Any CPU
		{64BC1CB7-69F1-45F6-AE10-362611363D5E}.Debug|Any CPU.Build.0 = Debug|Any CPU
		{64BC1CB7-69F1-45F6-AE10-362611363D5E}.Debug|x64.ActiveCfg = Debug|Any CPU
		{64BC1CB7-69F1-45F6-AE10-362611363D5E}.Debug|x64.Build.0 = Debug|Any CPU
		{64BC1CB7-69F1-45F6-AE10-362611363D5E}.Debug|x86.ActiveCfg = Debug|Any CPU
		{64BC1CB7-69F1-45F6-AE10-362611363D5E}.Debug|x86.Build.0 = Debug|Any CPU
		{64BC1CB7-69F1-45F6-AE10-362611363D5E}.Release|Any CPU.ActiveCfg = Release|Any CPU
		{64BC1CB7-69F1-45F6-AE10-362611363D5E}.Release|Any CPU.Build.0 = Release|Any CPU
		{64BC1CB7-69F1-45F6-AE10-362611363D5E}.Release|x64.ActiveCfg = Release|Any CPU
		{64BC1CB7-69F1-45F6-AE10-362611363D5E}.Release|x64.Build.0 = Release|Any CPU
		{64BC1CB7-69F1-45F6-AE10-362611363D5E}.Release|x86.ActiveCfg = Release|Any CPU
		{64BC1CB7-69F1-45F6-AE10-362611363D5E}.Release|x86.Build.0 = Release|Any CPU
		{7D91031C-786F-4C53-8735-A74F0C0F4E11}.Debug|Any CPU.ActiveCfg = Debug|Any CPU
		{7D91031C-786F-4C53-8735-A74F0C0F4E11}.Debug|Any CPU.Build.0 = Debug|Any CPU
		{7D91031C-786F-4C53-8735-A74F0C0F4E11}.Debug|x64.ActiveCfg = Debug|Any CPU
		{7D91031C-786F-4C53-8735-A74F0C0F4E11}.Debug|x64.Build.0 = Debug|Any CPU
		{7D91031C-786F-4C53-8735-A74F0C0F4E11}.Debug|x86.ActiveCfg = Debug|Any CPU
		{7D91031C-786F-4C53-8735-A74F0C0F4E11}.Debug|x86.Build.0 = Debug|Any CPU
		{7D91031C-786F-4C53-8735-A74F0C0F4E11}.Release|Any CPU.ActiveCfg = Release|Any CPU
		{7D91031C-786F-4C53-8735-A74F0C0F4E11}.Release|Any CPU.Build.0 = Release|Any CPU
		{7D91031C-786F-4C53-8735-A74F0C0F4E11}.Release|x64.ActiveCfg = Release|Any CPU
		{7D91031C-786F-4C53-8735-A74F0C0F4E11}.Release|x64.Build.0 = Release|Any CPU
		{7D91031C-786F-4C53-8735-A74F0C0F4E11}.Release|x86.ActiveCfg = Release|Any CPU
		{7D91031C-786F-4C53-8735-A74F0C0F4E11}.Release|x86.Build.0 = Release|Any CPU
		{1C511ACD-974C-4A42-95BC-EA200AFFCFA7}.Debug|Any CPU.ActiveCfg = Debug|Any CPU
		{1C511ACD-974C-4A42-95BC-EA200AFFCFA7}.Debug|Any CPU.Build.0 = Debug|Any CPU
		{1C511ACD-974C-4A42-95BC-EA200AFFCFA7}.Debug|x64.ActiveCfg = Debug|Any CPU
		{1C511ACD-974C-4A42-95BC-EA200AFFCFA7}.Debug|x64.Build.0 = Debug|Any CPU
		{1C511ACD-974C-4A42-95BC-EA200AFFCFA7}.Debug|x86.ActiveCfg = Debug|Any CPU
		{1C511ACD-974C-4A42-95BC-EA200AFFCFA7}.Debug|x86.Build.0 = Debug|Any CPU
		{1C511ACD-974C-4A42-95BC-EA200AFFCFA7}.Release|Any CPU.ActiveCfg = Release|Any CPU
		{1C511ACD-974C-4A42-95BC-EA200AFFCFA7}.Release|Any CPU.Build.0 = Release|Any CPU
		{1C511ACD-974C-4A42-95BC-EA200AFFCFA7}.Release|x64.ActiveCfg = Release|Any CPU
		{1C511ACD-974C-4A42-95BC-EA200AFFCFA7}.Release|x64.Build.0 = Release|Any CPU
		{1C511ACD-974C-4A42-95BC-EA200AFFCFA7}.Release|x86.ActiveCfg = Release|Any CPU
		{1C511ACD-974C-4A42-95BC-EA200AFFCFA7}.Release|x86.Build.0 = Release|Any CPU
		{446589A2-D549-4A24-8C1A-3CAE07621DB3}.Debug|Any CPU.ActiveCfg = Debug|Any CPU
		{446589A2-D549-4A24-8C1A-3CAE07621DB3}.Debug|Any CPU.Build.0 = Debug|Any CPU
		{446589A2-D549-4A24-8C1A-3CAE07621DB3}.Debug|x64.ActiveCfg = Debug|Any CPU
		{446589A2-D549-4A24-8C1A-3CAE07621DB3}.Debug|x64.Build.0 = Debug|Any CPU
		{446589A2-D549-4A24-8C1A-3CAE07621DB3}.Debug|x86.ActiveCfg = Debug|Any CPU
		{446589A2-D549-4A24-8C1A-3CAE07621DB3}.Debug|x86.Build.0 = Debug|Any CPU
		{446589A2-D549-4A24-8C1A-3CAE07621DB3}.Release|Any CPU.ActiveCfg = Release|Any CPU
		{446589A2-D549-4A24-8C1A-3CAE07621DB3}.Release|Any CPU.Build.0 = Release|Any CPU
		{446589A2-D549-4A24-8C1A-3CAE07621DB3}.Release|x64.ActiveCfg = Release|Any CPU
		{446589A2-D549-4A24-8C1A-3CAE07621DB3}.Release|x64.Build.0 = Release|Any CPU
		{446589A2-D549-4A24-8C1A-3CAE07621DB3}.Release|x86.ActiveCfg = Release|Any CPU
		{446589A2-D549-4A24-8C1A-3CAE07621DB3}.Release|x86.Build.0 = Release|Any CPU
		{C7A95FB3-3499-4818-8776-3A575CA73EF0}.Debug|Any CPU.ActiveCfg = Debug|Any CPU
		{C7A95FB3-3499-4818-8776-3A575CA73EF0}.Debug|Any CPU.Build.0 = Debug|Any CPU
		{C7A95FB3-3499-4818-8776-3A575CA73EF0}.Debug|x64.ActiveCfg = Debug|Any CPU
		{C7A95FB3-3499-4818-8776-3A575CA73EF0}.Debug|x64.Build.0 = Debug|Any CPU
		{C7A95FB3-3499-4818-8776-3A575CA73EF0}.Debug|x86.ActiveCfg = Debug|Any CPU
		{C7A95FB3-3499-4818-8776-3A575CA73EF0}.Debug|x86.Build.0 = Debug|Any CPU
		{C7A95FB3-3499-4818-8776-3A575CA73EF0}.Release|Any CPU.ActiveCfg = Release|Any CPU
		{C7A95FB3-3499-4818-8776-3A575CA73EF0}.Release|Any CPU.Build.0 = Release|Any CPU
		{C7A95FB3-3499-4818-8776-3A575CA73EF0}.Release|x64.ActiveCfg = Release|Any CPU
		{C7A95FB3-3499-4818-8776-3A575CA73EF0}.Release|x64.Build.0 = Release|Any CPU
		{C7A95FB3-3499-4818-8776-3A575CA73EF0}.Release|x86.ActiveCfg = Release|Any CPU
		{C7A95FB3-3499-4818-8776-3A575CA73EF0}.Release|x86.Build.0 = Release|Any CPU
		{F19970C3-DDD3-440C-9300-36B593EF290E}.Debug|Any CPU.ActiveCfg = Debug|Any CPU
		{F19970C3-DDD3-440C-9300-36B593EF290E}.Debug|Any CPU.Build.0 = Debug|Any CPU
		{F19970C3-DDD3-440C-9300-36B593EF290E}.Debug|x64.ActiveCfg = Debug|Any CPU
		{F19970C3-DDD3-440C-9300-36B593EF290E}.Debug|x64.Build.0 = Debug|Any CPU
		{F19970C3-DDD3-440C-9300-36B593EF290E}.Debug|x86.ActiveCfg = Debug|Any CPU
		{F19970C3-DDD3-440C-9300-36B593EF290E}.Debug|x86.Build.0 = Debug|Any CPU
		{F19970C3-DDD3-440C-9300-36B593EF290E}.Release|Any CPU.ActiveCfg = Release|Any CPU
		{F19970C3-DDD3-440C-9300-36B593EF290E}.Release|Any CPU.Build.0 = Release|Any CPU
		{F19970C3-DDD3-440C-9300-36B593EF290E}.Release|x64.ActiveCfg = Release|Any CPU
		{F19970C3-DDD3-440C-9300-36B593EF290E}.Release|x64.Build.0 = Release|Any CPU
		{F19970C3-DDD3-440C-9300-36B593EF290E}.Release|x86.ActiveCfg = Release|Any CPU
		{F19970C3-DDD3-440C-9300-36B593EF290E}.Release|x86.Build.0 = Release|Any CPU
		{6495F892-E29B-4C0F-A406-52DA21578DB9}.Debug|Any CPU.ActiveCfg = Debug|Any CPU
		{6495F892-E29B-4C0F-A406-52DA21578DB9}.Debug|Any CPU.Build.0 = Debug|Any CPU
		{6495F892-E29B-4C0F-A406-52DA21578DB9}.Debug|x64.ActiveCfg = Debug|Any CPU
		{6495F892-E29B-4C0F-A406-52DA21578DB9}.Debug|x64.Build.0 = Debug|Any CPU
		{6495F892-E29B-4C0F-A406-52DA21578DB9}.Debug|x86.ActiveCfg = Debug|Any CPU
		{6495F892-E29B-4C0F-A406-52DA21578DB9}.Debug|x86.Build.0 = Debug|Any CPU
		{6495F892-E29B-4C0F-A406-52DA21578DB9}.Release|Any CPU.ActiveCfg = Release|Any CPU
		{6495F892-E29B-4C0F-A406-52DA21578DB9}.Release|Any CPU.Build.0 = Release|Any CPU
		{6495F892-E29B-4C0F-A406-52DA21578DB9}.Release|x64.ActiveCfg = Release|Any CPU
		{6495F892-E29B-4C0F-A406-52DA21578DB9}.Release|x64.Build.0 = Release|Any CPU
		{6495F892-E29B-4C0F-A406-52DA21578DB9}.Release|x86.ActiveCfg = Release|Any CPU
		{6495F892-E29B-4C0F-A406-52DA21578DB9}.Release|x86.Build.0 = Release|Any CPU
		{FC68870C-AE47-42BA-9C7A-E597F61485D6}.Debug|Any CPU.ActiveCfg = Debug|Any CPU
		{FC68870C-AE47-42BA-9C7A-E597F61485D6}.Debug|Any CPU.Build.0 = Debug|Any CPU
		{FC68870C-AE47-42BA-9C7A-E597F61485D6}.Debug|x64.ActiveCfg = Debug|Any CPU
		{FC68870C-AE47-42BA-9C7A-E597F61485D6}.Debug|x64.Build.0 = Debug|Any CPU
		{FC68870C-AE47-42BA-9C7A-E597F61485D6}.Debug|x86.ActiveCfg = Debug|Any CPU
		{FC68870C-AE47-42BA-9C7A-E597F61485D6}.Debug|x86.Build.0 = Debug|Any CPU
		{FC68870C-AE47-42BA-9C7A-E597F61485D6}.Release|Any CPU.ActiveCfg = Release|Any CPU
		{FC68870C-AE47-42BA-9C7A-E597F61485D6}.Release|Any CPU.Build.0 = Release|Any CPU
		{FC68870C-AE47-42BA-9C7A-E597F61485D6}.Release|x64.ActiveCfg = Release|Any CPU
		{FC68870C-AE47-42BA-9C7A-E597F61485D6}.Release|x64.Build.0 = Release|Any CPU
		{FC68870C-AE47-42BA-9C7A-E597F61485D6}.Release|x86.ActiveCfg = Release|Any CPU
		{FC68870C-AE47-42BA-9C7A-E597F61485D6}.Release|x86.Build.0 = Release|Any CPU
		{4A6207FE-B57A-447E-9D4F-6EFB0D40D641}.Debug|Any CPU.ActiveCfg = Debug|Any CPU
		{4A6207FE-B57A-447E-9D4F-6EFB0D40D641}.Debug|Any CPU.Build.0 = Debug|Any CPU
		{4A6207FE-B57A-447E-9D4F-6EFB0D40D641}.Debug|x64.ActiveCfg = Debug|Any CPU
		{4A6207FE-B57A-447E-9D4F-6EFB0D40D641}.Debug|x64.Build.0 = Debug|Any CPU
		{4A6207FE-B57A-447E-9D4F-6EFB0D40D641}.Debug|x86.ActiveCfg = Debug|Any CPU
		{4A6207FE-B57A-447E-9D4F-6EFB0D40D641}.Debug|x86.Build.0 = Debug|Any CPU
		{4A6207FE-B57A-447E-9D4F-6EFB0D40D641}.Release|Any CPU.ActiveCfg = Release|Any CPU
		{4A6207FE-B57A-447E-9D4F-6EFB0D40D641}.Release|Any CPU.Build.0 = Release|Any CPU
		{4A6207FE-B57A-447E-9D4F-6EFB0D40D641}.Release|x64.ActiveCfg = Release|Any CPU
		{4A6207FE-B57A-447E-9D4F-6EFB0D40D641}.Release|x64.Build.0 = Release|Any CPU
		{4A6207FE-B57A-447E-9D4F-6EFB0D40D641}.Release|x86.ActiveCfg = Release|Any CPU
		{4A6207FE-B57A-447E-9D4F-6EFB0D40D641}.Release|x86.Build.0 = Release|Any CPU
		{997B975D-25DB-4E04-A5DA-A66ABF9DFC73}.Debug|Any CPU.ActiveCfg = Debug|Any CPU
		{997B975D-25DB-4E04-A5DA-A66ABF9DFC73}.Debug|Any CPU.Build.0 = Debug|Any CPU
		{997B975D-25DB-4E04-A5DA-A66ABF9DFC73}.Debug|x64.ActiveCfg = Debug|Any CPU
		{997B975D-25DB-4E04-A5DA-A66ABF9DFC73}.Debug|x64.Build.0 = Debug|Any CPU
		{997B975D-25DB-4E04-A5DA-A66ABF9DFC73}.Debug|x86.ActiveCfg = Debug|Any CPU
		{997B975D-25DB-4E04-A5DA-A66ABF9DFC73}.Debug|x86.Build.0 = Debug|Any CPU
		{997B975D-25DB-4E04-A5DA-A66ABF9DFC73}.Release|Any CPU.ActiveCfg = Release|Any CPU
		{997B975D-25DB-4E04-A5DA-A66ABF9DFC73}.Release|Any CPU.Build.0 = Release|Any CPU
		{997B975D-25DB-4E04-A5DA-A66ABF9DFC73}.Release|x64.ActiveCfg = Release|Any CPU
		{997B975D-25DB-4E04-A5DA-A66ABF9DFC73}.Release|x64.Build.0 = Release|Any CPU
		{997B975D-25DB-4E04-A5DA-A66ABF9DFC73}.Release|x86.ActiveCfg = Release|Any CPU
		{997B975D-25DB-4E04-A5DA-A66ABF9DFC73}.Release|x86.Build.0 = Release|Any CPU
		{C9EE593D-C696-45E3-AD3E-C4753814D610}.Debug|Any CPU.ActiveCfg = Debug|Any CPU
		{C9EE593D-C696-45E3-AD3E-C4753814D610}.Debug|Any CPU.Build.0 = Debug|Any CPU
		{C9EE593D-C696-45E3-AD3E-C4753814D610}.Debug|x64.ActiveCfg = Debug|Any CPU
		{C9EE593D-C696-45E3-AD3E-C4753814D610}.Debug|x64.Build.0 = Debug|Any CPU
		{C9EE593D-C696-45E3-AD3E-C4753814D610}.Debug|x86.ActiveCfg = Debug|Any CPU
		{C9EE593D-C696-45E3-AD3E-C4753814D610}.Debug|x86.Build.0 = Debug|Any CPU
		{C9EE593D-C696-45E3-AD3E-C4753814D610}.Release|Any CPU.ActiveCfg = Release|Any CPU
		{C9EE593D-C696-45E3-AD3E-C4753814D610}.Release|Any CPU.Build.0 = Release|Any CPU
		{C9EE593D-C696-45E3-AD3E-C4753814D610}.Release|x64.ActiveCfg = Release|Any CPU
		{C9EE593D-C696-45E3-AD3E-C4753814D610}.Release|x64.Build.0 = Release|Any CPU
		{C9EE593D-C696-45E3-AD3E-C4753814D610}.Release|x86.ActiveCfg = Release|Any CPU
		{C9EE593D-C696-45E3-AD3E-C4753814D610}.Release|x86.Build.0 = Release|Any CPU
		{A9961752-D468-4858-B4AF-7BCB7B285F36}.Debug|Any CPU.ActiveCfg = Debug|Any CPU
		{A9961752-D468-4858-B4AF-7BCB7B285F36}.Debug|Any CPU.Build.0 = Debug|Any CPU
		{A9961752-D468-4858-B4AF-7BCB7B285F36}.Debug|x64.ActiveCfg = Debug|Any CPU
		{A9961752-D468-4858-B4AF-7BCB7B285F36}.Debug|x64.Build.0 = Debug|Any CPU
		{A9961752-D468-4858-B4AF-7BCB7B285F36}.Debug|x86.ActiveCfg = Debug|Any CPU
		{A9961752-D468-4858-B4AF-7BCB7B285F36}.Debug|x86.Build.0 = Debug|Any CPU
		{A9961752-D468-4858-B4AF-7BCB7B285F36}.Release|Any CPU.ActiveCfg = Release|Any CPU
		{A9961752-D468-4858-B4AF-7BCB7B285F36}.Release|Any CPU.Build.0 = Release|Any CPU
		{A9961752-D468-4858-B4AF-7BCB7B285F36}.Release|x64.ActiveCfg = Release|Any CPU
		{A9961752-D468-4858-B4AF-7BCB7B285F36}.Release|x64.Build.0 = Release|Any CPU
		{A9961752-D468-4858-B4AF-7BCB7B285F36}.Release|x86.ActiveCfg = Release|Any CPU
		{A9961752-D468-4858-B4AF-7BCB7B285F36}.Release|x86.Build.0 = Release|Any CPU
		{9864CA54-8956-4329-928D-45F191552541}.Debug|Any CPU.ActiveCfg = Debug|Any CPU
		{9864CA54-8956-4329-928D-45F191552541}.Debug|Any CPU.Build.0 = Debug|Any CPU
		{9864CA54-8956-4329-928D-45F191552541}.Debug|x64.ActiveCfg = Debug|Any CPU
		{9864CA54-8956-4329-928D-45F191552541}.Debug|x64.Build.0 = Debug|Any CPU
		{9864CA54-8956-4329-928D-45F191552541}.Debug|x86.ActiveCfg = Debug|Any CPU
		{9864CA54-8956-4329-928D-45F191552541}.Debug|x86.Build.0 = Debug|Any CPU
		{9864CA54-8956-4329-928D-45F191552541}.Release|Any CPU.ActiveCfg = Release|Any CPU
		{9864CA54-8956-4329-928D-45F191552541}.Release|Any CPU.Build.0 = Release|Any CPU
		{9864CA54-8956-4329-928D-45F191552541}.Release|x64.ActiveCfg = Release|Any CPU
		{9864CA54-8956-4329-928D-45F191552541}.Release|x64.Build.0 = Release|Any CPU
		{9864CA54-8956-4329-928D-45F191552541}.Release|x86.ActiveCfg = Release|Any CPU
		{9864CA54-8956-4329-928D-45F191552541}.Release|x86.Build.0 = Release|Any CPU
		{E9A47BCB-8B30-4AF9-B1E5-5231BDF80D4F}.Debug|Any CPU.ActiveCfg = Debug|Any CPU
		{E9A47BCB-8B30-4AF9-B1E5-5231BDF80D4F}.Debug|Any CPU.Build.0 = Debug|Any CPU
		{E9A47BCB-8B30-4AF9-B1E5-5231BDF80D4F}.Debug|x64.ActiveCfg = Debug|Any CPU
		{E9A47BCB-8B30-4AF9-B1E5-5231BDF80D4F}.Debug|x64.Build.0 = Debug|Any CPU
		{E9A47BCB-8B30-4AF9-B1E5-5231BDF80D4F}.Debug|x86.ActiveCfg = Debug|Any CPU
		{E9A47BCB-8B30-4AF9-B1E5-5231BDF80D4F}.Debug|x86.Build.0 = Debug|Any CPU
		{E9A47BCB-8B30-4AF9-B1E5-5231BDF80D4F}.Release|Any CPU.ActiveCfg = Release|Any CPU
		{E9A47BCB-8B30-4AF9-B1E5-5231BDF80D4F}.Release|Any CPU.Build.0 = Release|Any CPU
		{E9A47BCB-8B30-4AF9-B1E5-5231BDF80D4F}.Release|x64.ActiveCfg = Release|Any CPU
		{E9A47BCB-8B30-4AF9-B1E5-5231BDF80D4F}.Release|x64.Build.0 = Release|Any CPU
		{E9A47BCB-8B30-4AF9-B1E5-5231BDF80D4F}.Release|x86.ActiveCfg = Release|Any CPU
		{E9A47BCB-8B30-4AF9-B1E5-5231BDF80D4F}.Release|x86.Build.0 = Release|Any CPU
		{8BE696CF-F409-449F-A8BF-C35E7A0AD183}.Debug|Any CPU.ActiveCfg = Debug|Any CPU
		{8BE696CF-F409-449F-A8BF-C35E7A0AD183}.Debug|Any CPU.Build.0 = Debug|Any CPU
		{8BE696CF-F409-449F-A8BF-C35E7A0AD183}.Debug|x64.ActiveCfg = Debug|Any CPU
		{8BE696CF-F409-449F-A8BF-C35E7A0AD183}.Debug|x64.Build.0 = Debug|Any CPU
		{8BE696CF-F409-449F-A8BF-C35E7A0AD183}.Debug|x86.ActiveCfg = Debug|Any CPU
		{8BE696CF-F409-449F-A8BF-C35E7A0AD183}.Debug|x86.Build.0 = Debug|Any CPU
		{8BE696CF-F409-449F-A8BF-C35E7A0AD183}.Release|Any CPU.ActiveCfg = Release|Any CPU
		{8BE696CF-F409-449F-A8BF-C35E7A0AD183}.Release|Any CPU.Build.0 = Release|Any CPU
		{8BE696CF-F409-449F-A8BF-C35E7A0AD183}.Release|x64.ActiveCfg = Release|Any CPU
		{8BE696CF-F409-449F-A8BF-C35E7A0AD183}.Release|x64.Build.0 = Release|Any CPU
		{8BE696CF-F409-449F-A8BF-C35E7A0AD183}.Release|x86.ActiveCfg = Release|Any CPU
		{8BE696CF-F409-449F-A8BF-C35E7A0AD183}.Release|x86.Build.0 = Release|Any CPU
		{8C5B1CC7-FA46-44F7-B6BB-374C89AB1DD9}.Debug|Any CPU.ActiveCfg = Debug|Any CPU
		{8C5B1CC7-FA46-44F7-B6BB-374C89AB1DD9}.Debug|Any CPU.Build.0 = Debug|Any CPU
		{8C5B1CC7-FA46-44F7-B6BB-374C89AB1DD9}.Debug|x64.ActiveCfg = Debug|Any CPU
		{8C5B1CC7-FA46-44F7-B6BB-374C89AB1DD9}.Debug|x64.Build.0 = Debug|Any CPU
		{8C5B1CC7-FA46-44F7-B6BB-374C89AB1DD9}.Debug|x86.ActiveCfg = Debug|Any CPU
		{8C5B1CC7-FA46-44F7-B6BB-374C89AB1DD9}.Debug|x86.Build.0 = Debug|Any CPU
		{8C5B1CC7-FA46-44F7-B6BB-374C89AB1DD9}.Release|Any CPU.ActiveCfg = Release|Any CPU
		{8C5B1CC7-FA46-44F7-B6BB-374C89AB1DD9}.Release|Any CPU.Build.0 = Release|Any CPU
		{8C5B1CC7-FA46-44F7-B6BB-374C89AB1DD9}.Release|x64.ActiveCfg = Release|Any CPU
		{8C5B1CC7-FA46-44F7-B6BB-374C89AB1DD9}.Release|x64.Build.0 = Release|Any CPU
		{8C5B1CC7-FA46-44F7-B6BB-374C89AB1DD9}.Release|x86.ActiveCfg = Release|Any CPU
		{8C5B1CC7-FA46-44F7-B6BB-374C89AB1DD9}.Release|x86.Build.0 = Release|Any CPU
		{4770EE78-31DF-462F-A43C-B4F9FF82FB01}.Debug|Any CPU.ActiveCfg = Debug|Any CPU
		{4770EE78-31DF-462F-A43C-B4F9FF82FB01}.Debug|Any CPU.Build.0 = Debug|Any CPU
		{4770EE78-31DF-462F-A43C-B4F9FF82FB01}.Debug|x64.ActiveCfg = Debug|Any CPU
		{4770EE78-31DF-462F-A43C-B4F9FF82FB01}.Debug|x64.Build.0 = Debug|Any CPU
		{4770EE78-31DF-462F-A43C-B4F9FF82FB01}.Debug|x86.ActiveCfg = Debug|Any CPU
		{4770EE78-31DF-462F-A43C-B4F9FF82FB01}.Debug|x86.Build.0 = Debug|Any CPU
		{4770EE78-31DF-462F-A43C-B4F9FF82FB01}.Release|Any CPU.ActiveCfg = Release|Any CPU
		{4770EE78-31DF-462F-A43C-B4F9FF82FB01}.Release|Any CPU.Build.0 = Release|Any CPU
		{4770EE78-31DF-462F-A43C-B4F9FF82FB01}.Release|x64.ActiveCfg = Release|Any CPU
		{4770EE78-31DF-462F-A43C-B4F9FF82FB01}.Release|x64.Build.0 = Release|Any CPU
		{4770EE78-31DF-462F-A43C-B4F9FF82FB01}.Release|x86.ActiveCfg = Release|Any CPU
		{4770EE78-31DF-462F-A43C-B4F9FF82FB01}.Release|x86.Build.0 = Release|Any CPU
		{689D1CEE-4553-4C5B-A80F-E6FAA5488606}.Debug|Any CPU.ActiveCfg = Debug|Any CPU
		{689D1CEE-4553-4C5B-A80F-E6FAA5488606}.Debug|Any CPU.Build.0 = Debug|Any CPU
		{689D1CEE-4553-4C5B-A80F-E6FAA5488606}.Debug|x64.ActiveCfg = Debug|Any CPU
		{689D1CEE-4553-4C5B-A80F-E6FAA5488606}.Debug|x64.Build.0 = Debug|Any CPU
		{689D1CEE-4553-4C5B-A80F-E6FAA5488606}.Debug|x86.ActiveCfg = Debug|Any CPU
		{689D1CEE-4553-4C5B-A80F-E6FAA5488606}.Debug|x86.Build.0 = Debug|Any CPU
		{689D1CEE-4553-4C5B-A80F-E6FAA5488606}.Release|Any CPU.ActiveCfg = Release|Any CPU
		{689D1CEE-4553-4C5B-A80F-E6FAA5488606}.Release|Any CPU.Build.0 = Release|Any CPU
		{689D1CEE-4553-4C5B-A80F-E6FAA5488606}.Release|x64.ActiveCfg = Release|Any CPU
		{689D1CEE-4553-4C5B-A80F-E6FAA5488606}.Release|x64.Build.0 = Release|Any CPU
		{689D1CEE-4553-4C5B-A80F-E6FAA5488606}.Release|x86.ActiveCfg = Release|Any CPU
		{689D1CEE-4553-4C5B-A80F-E6FAA5488606}.Release|x86.Build.0 = Release|Any CPU
		{1B7F00C3-EB04-4C2D-AB77-6A0A174DA72E}.Debug|Any CPU.ActiveCfg = Debug|Any CPU
		{1B7F00C3-EB04-4C2D-AB77-6A0A174DA72E}.Debug|Any CPU.Build.0 = Debug|Any CPU
		{1B7F00C3-EB04-4C2D-AB77-6A0A174DA72E}.Debug|x64.ActiveCfg = Debug|Any CPU
		{1B7F00C3-EB04-4C2D-AB77-6A0A174DA72E}.Debug|x64.Build.0 = Debug|Any CPU
		{1B7F00C3-EB04-4C2D-AB77-6A0A174DA72E}.Debug|x86.ActiveCfg = Debug|Any CPU
		{1B7F00C3-EB04-4C2D-AB77-6A0A174DA72E}.Debug|x86.Build.0 = Debug|Any CPU
		{1B7F00C3-EB04-4C2D-AB77-6A0A174DA72E}.Release|Any CPU.ActiveCfg = Release|Any CPU
		{1B7F00C3-EB04-4C2D-AB77-6A0A174DA72E}.Release|Any CPU.Build.0 = Release|Any CPU
		{1B7F00C3-EB04-4C2D-AB77-6A0A174DA72E}.Release|x64.ActiveCfg = Release|Any CPU
		{1B7F00C3-EB04-4C2D-AB77-6A0A174DA72E}.Release|x64.Build.0 = Release|Any CPU
		{1B7F00C3-EB04-4C2D-AB77-6A0A174DA72E}.Release|x86.ActiveCfg = Release|Any CPU
		{1B7F00C3-EB04-4C2D-AB77-6A0A174DA72E}.Release|x86.Build.0 = Release|Any CPU
	EndGlobalSection
	GlobalSection(SolutionProperties) = preSolution
		HideSolutionNode = FALSE
	EndGlobalSection
	GlobalSection(NestedProjects) = preSolution
		{329C6F33-58F1-45C3-8CF8-0B2A78C173DE} = {E0096E63-5207-411F-2649-837654E3C58A}
		{65612427-3519-4B65-8B45-AC294D9754F3} = {E0096E63-5207-411F-2649-837654E3C58A}
		{2D84F0A0-C7BF-49CE-BE75-B56FC69E7B10} = {E0096E63-5207-411F-2649-837654E3C58A}
		{8319B39E-80CE-4AA2-8435-D4EE255F7D75} = {881589EE-639B-0A35-DBCE-5D94E4FC90C0}
		{6577EDE4-9719-05AB-53AC-990D3A9A7D98} = {5854FF58-B8C5-05C6-5BF2-ACE42193F22B}
		{3D5AC005-452C-88BE-57F5-398F020F5BB5} = {6577EDE4-9719-05AB-53AC-990D3A9A7D98}
		{E7DE28F1-2A45-B957-FD86-1A84D1E01AEE} = {3D5AC005-452C-88BE-57F5-398F020F5BB5}
		{C8D5E74E-09C8-4515-8873-7472E0189D48} = {E7DE28F1-2A45-B957-FD86-1A84D1E01AEE}
		{DBC20798-14E0-EB15-D13F-8CE8B3E8D646} = {3D5AC005-452C-88BE-57F5-398F020F5BB5}
		{9DD983AA-429B-4BA4-8FFE-7EB726891BDB} = {DBC20798-14E0-EB15-D13F-8CE8B3E8D646}
		{D49AE9E7-4444-8BBA-A4E0-8F92D63795C7} = {6577EDE4-9719-05AB-53AC-990D3A9A7D98}
		{E48C623A-EA63-1B57-E7AC-B4CB51B036EA} = {D49AE9E7-4444-8BBA-A4E0-8F92D63795C7}
		{7FA6C51A-4C18-40C6-8843-78447172D036} = {E48C623A-EA63-1B57-E7AC-B4CB51B036EA}
		{8525B729-17F4-3D1F-9F5A-13225E72793F} = {D49AE9E7-4444-8BBA-A4E0-8F92D63795C7}
		{EDAA4B36-0A59-4BB2-BECD-1B6958994777} = {8525B729-17F4-3D1F-9F5A-13225E72793F}
		{035A8D00-8F9B-F88D-7408-B6D40295258D} = {6577EDE4-9719-05AB-53AC-990D3A9A7D98}
		{EEC870EB-D3B2-1F72-AE00-3F3298171A08} = {035A8D00-8F9B-F88D-7408-B6D40295258D}
		{B72A921D-BFD2-4436-B314-4B3A5DDD94A9} = {EEC870EB-D3B2-1F72-AE00-3F3298171A08}
		{95C0616D-D825-ADC0-8FBA-09ED0F971788} = {035A8D00-8F9B-F88D-7408-B6D40295258D}
		{BC7B2EA2-6F73-47FF-B881-54DB7D40D39F} = {95C0616D-D825-ADC0-8FBA-09ED0F971788}
		{C08D4599-3426-14F7-3E8C-19AD95B7A1F4} = {6577EDE4-9719-05AB-53AC-990D3A9A7D98}
		{B822A5D5-32FA-40AD-632A-799C41130B77} = {C08D4599-3426-14F7-3E8C-19AD95B7A1F4}
		{7D20CDFA-A497-40B7-BBB4-F2653A8F1FB1} = {B822A5D5-32FA-40AD-632A-799C41130B77}
		{9EA3576E-B846-8546-0BEE-5C2294A54827} = {C08D4599-3426-14F7-3E8C-19AD95B7A1F4}
		{1BD0A50C-4E04-4F22-81A1-D60433E39A84} = {9EA3576E-B846-8546-0BEE-5C2294A54827}
		{C7987F4F-B909-0E52-69A1-E5EB8CACA10A} = {6577EDE4-9719-05AB-53AC-990D3A9A7D98}
		{2E5F87EF-6817-D1E7-1242-9E81B1C117C1} = {C7987F4F-B909-0E52-69A1-E5EB8CACA10A}
		{9558F5C7-E6DB-449E-A9C7-666B0B4A2B8E} = {2E5F87EF-6817-D1E7-1242-9E81B1C117C1}
		{CD13DD34-DC9B-DA47-A864-0B21A7F9F00D} = {C7987F4F-B909-0E52-69A1-E5EB8CACA10A}
		{64BC1CB7-69F1-45F6-AE10-362611363D5E} = {CD13DD34-DC9B-DA47-A864-0B21A7F9F00D}
		{DC581841-E5CA-483E-02EF-F30A5BC7D470} = {6577EDE4-9719-05AB-53AC-990D3A9A7D98}
		{A3A7610C-5DAF-D06F-E874-2EC470821EFE} = {DC581841-E5CA-483E-02EF-F30A5BC7D470}
		{7D91031C-786F-4C53-8735-A74F0C0F4E11} = {A3A7610C-5DAF-D06F-E874-2EC470821EFE}
		{35F1ADBA-9FF9-734D-EDAF-EEBF81DF111E} = {DC581841-E5CA-483E-02EF-F30A5BC7D470}
		{1C511ACD-974C-4A42-95BC-EA200AFFCFA7} = {35F1ADBA-9FF9-734D-EDAF-EEBF81DF111E}
		{59908CE0-D9D7-8A08-8006-F64873F5AAB2} = {5854FF58-B8C5-05C6-5BF2-ACE42193F22B}
		{830FA4F6-C020-7C97-B6BB-803A4FB9E754} = {59908CE0-D9D7-8A08-8006-F64873F5AAB2}
		{8FD0DD02-8398-87B8-BC4B-856F984E3EBF} = {830FA4F6-C020-7C97-B6BB-803A4FB9E754}
		{446589A2-D549-4A24-8C1A-3CAE07621DB3} = {8FD0DD02-8398-87B8-BC4B-856F984E3EBF}
		{D43E6174-0E9C-4CEB-EDEA-3854428EBB74} = {830FA4F6-C020-7C97-B6BB-803A4FB9E754}
		{C7A95FB3-3499-4818-8776-3A575CA73EF0} = {D43E6174-0E9C-4CEB-EDEA-3854428EBB74}
		{9BF3A5D3-1C62-E5D9-B37C-194C23883E97} = {59908CE0-D9D7-8A08-8006-F64873F5AAB2}
		{3A8F4B97-3E65-1969-EEF9-2D22BD717CBA} = {9BF3A5D3-1C62-E5D9-B37C-194C23883E97}
		{F19970C3-DDD3-440C-9300-36B593EF290E} = {3A8F4B97-3E65-1969-EEF9-2D22BD717CBA}
		{9A901D20-0075-B5D6-562A-E9AD41C2F18D} = {9BF3A5D3-1C62-E5D9-B37C-194C23883E97}
		{6495F892-E29B-4C0F-A406-52DA21578DB9} = {9A901D20-0075-B5D6-562A-E9AD41C2F18D}
		{FC68870C-AE47-42BA-9C7A-E597F61485D6} = {881589EE-639B-0A35-DBCE-5D94E4FC90C0}
		{4A6207FE-B57A-447E-9D4F-6EFB0D40D641} = {9123F88B-E531-3118-42D7-ED8CEF4BD00E}
		{997B975D-25DB-4E04-A5DA-A66ABF9DFC73} = {0AE080A0-6033-AFD8-AF81-D8288F43ED0E}
		{F4106011-3FF9-466A-39B2-56E8607ABF87} = {5854FF58-B8C5-05C6-5BF2-ACE42193F22B}
		{3D55C621-718F-7E7D-C322-0F5186A45956} = {F4106011-3FF9-466A-39B2-56E8607ABF87}
		{B5569203-4BE2-9B33-D980-F62544DC0D1F} = {3D55C621-718F-7E7D-C322-0F5186A45956}
		{C9EE593D-C696-45E3-AD3E-C4753814D610} = {B5569203-4BE2-9B33-D980-F62544DC0D1F}
		{B43CEFFE-C03C-C6AD-BDE1-7F44E3E16D23} = {5854FF58-B8C5-05C6-5BF2-ACE42193F22B}
		{0DA5C539-DA2A-8722-6E59-89421DD5C102} = {B43CEFFE-C03C-C6AD-BDE1-7F44E3E16D23}
		{732372CB-9B67-1812-F892-0C734D2A3F5F} = {0DA5C539-DA2A-8722-6E59-89421DD5C102}
		{A9961752-D468-4858-B4AF-7BCB7B285F36} = {732372CB-9B67-1812-F892-0C734D2A3F5F}
		{C6E92F90-0959-AEAF-B591-B7806828B840} = {3D55C621-718F-7E7D-C322-0F5186A45956}
		{9864CA54-8956-4329-928D-45F191552541} = {C6E92F90-0959-AEAF-B591-B7806828B840}
		{B28BF9AA-5A6E-221D-22BC-C7224C3FDE50} = {B43CEFFE-C03C-C6AD-BDE1-7F44E3E16D23}
		{0F422E54-A9A9-1EFE-1A12-664CE200B6C6} = {B28BF9AA-5A6E-221D-22BC-C7224C3FDE50}
		{E9A47BCB-8B30-4AF9-B1E5-5231BDF80D4F} = {0F422E54-A9A9-1EFE-1A12-664CE200B6C6}
		{B3836032-78FC-ECE8-0FF8-22519DBD495B} = {B43CEFFE-C03C-C6AD-BDE1-7F44E3E16D23}
		{4F0F52E4-739C-3890-4CFA-21E729C1C4F0} = {B3836032-78FC-ECE8-0FF8-22519DBD495B}
		{8BE696CF-F409-449F-A8BF-C35E7A0AD183} = {4F0F52E4-739C-3890-4CFA-21E729C1C4F0}
		{2D27A11D-4C7F-72BE-8758-47518D30FCF0} = {B3836032-78FC-ECE8-0FF8-22519DBD495B}
		{8C5B1CC7-FA46-44F7-B6BB-374C89AB1DD9} = {2D27A11D-4C7F-72BE-8758-47518D30FCF0}
		{EB0AEB0E-F35E-1F54-863A-D0B68F38F7B1} = {0DA5C539-DA2A-8722-6E59-89421DD5C102}
		{4770EE78-31DF-462F-A43C-B4F9FF82FB01} = {EB0AEB0E-F35E-1F54-863A-D0B68F38F7B1}
		{590559FA-657F-78EF-DDAE-AAB5352B6374} = {6577EDE4-9719-05AB-53AC-990D3A9A7D98}
		{689D1CEE-4553-4C5B-A80F-E6FAA5488606} = {590559FA-657F-78EF-DDAE-AAB5352B6374}
		{CA4ACAA2-9666-F094-66A9-6C71B9FB7337} = {59908CE0-D9D7-8A08-8006-F64873F5AAB2}
		{1B7F00C3-EB04-4C2D-AB77-6A0A174DA72E} = {CA4ACAA2-9666-F094-66A9-6C71B9FB7337}
	EndGlobalSection
EndGlobal
